// !$*UTF8*$!
{
	archiveVersion = 1;
	classes = {
	};
	objectVersion = 46;
	objects = {

/* Begin PBXBuildFile section */
		F81D904116F3DED80043C85A /* NSValueTransformer+TransformerKit.m in Sources */ = {isa = PBXBuildFile; fileRef = F81D903B16F3DED80043C85A /* NSValueTransformer+TransformerKit.m */; };
		F81D904916F3DEEB0043C85A /* NSString+InflectorKit.m in Sources */ = {isa = PBXBuildFile; fileRef = F81D904616F3DEEB0043C85A /* NSString+InflectorKit.m */; };
		F81D904A16F3DEEB0043C85A /* TTTStringInflector.m in Sources */ = {isa = PBXBuildFile; fileRef = F81D904816F3DEEB0043C85A /* TTTStringInflector.m */; };
		F81D905A16F3E6AC0043C85A /* Default-568h@2x.png in Resources */ = {isa = PBXBuildFile; fileRef = F81D905916F3E6AC0043C85A /* Default-568h@2x.png */; };
		F81D905C16F3E6BC0043C85A /* SystemConfiguration.framework in Frameworks */ = {isa = PBXBuildFile; fileRef = F81D905B16F3E6BC0043C85A /* SystemConfiguration.framework */; };
		F81D905E16F3E6C10043C85A /* MobileCoreServices.framework in Frameworks */ = {isa = PBXBuildFile; fileRef = F81D905D16F3E6C10043C85A /* MobileCoreServices.framework */; };
		F8874F1415B08B770048680F /* Artist.m in Sources */ = {isa = PBXBuildFile; fileRef = F8874F0715B08B770048680F /* Artist.m */; };
		F8874F1515B08B770048680F /* ArtistDetailViewController.m in Sources */ = {isa = PBXBuildFile; fileRef = F8874F0815B08B770048680F /* ArtistDetailViewController.m */; };
		F8874F1615B08B770048680F /* ArtistsListViewController.m in Sources */ = {isa = PBXBuildFile; fileRef = F8874F0915B08B770048680F /* ArtistsListViewController.m */; };
		F8874F1815B08B770048680F /* Song.m in Sources */ = {isa = PBXBuildFile; fileRef = F8874F0B15B08B770048680F /* Song.m */; };
		F8874F1915B08B770048680F /* SongAPIClient.m in Sources */ = {isa = PBXBuildFile; fileRef = F8874F0C15B08B770048680F /* SongAPIClient.m */; };
		F8874F1A15B08B770048680F /* SongsIncrementalStore.m in Sources */ = {isa = PBXBuildFile; fileRef = F8874F0D15B08B770048680F /* SongsIncrementalStore.m */; };
		F8874F1F15B08C2A0048680F /* main.m in Sources */ = {isa = PBXBuildFile; fileRef = F8874F1E15B08C2A0048680F /* main.m */; };
		F8874F2015B08C4B0048680F /* AppDelegate.m in Sources */ = {isa = PBXBuildFile; fileRef = F8874F1B15B08BD30048680F /* AppDelegate.m */; };
		F8874F2315B08CA80048680F /* IncrementalStoreExample.xcdatamodeld in Sources */ = {isa = PBXBuildFile; fileRef = F8874F2115B08CA80048680F /* IncrementalStoreExample.xcdatamodeld */; };
		F8AD92D815D9A0B400402FE9 /* AFHTTPClient.m in Sources */ = {isa = PBXBuildFile; fileRef = F8AD92C415D9A0B400402FE9 /* AFHTTPClient.m */; };
		F8AD92D915D9A0B400402FE9 /* AFHTTPRequestOperation.m in Sources */ = {isa = PBXBuildFile; fileRef = F8AD92C615D9A0B400402FE9 /* AFHTTPRequestOperation.m */; };
		F8AD92DA15D9A0B400402FE9 /* AFImageRequestOperation.m in Sources */ = {isa = PBXBuildFile; fileRef = F8AD92C815D9A0B400402FE9 /* AFImageRequestOperation.m */; };
		F8AD92DB15D9A0B400402FE9 /* AFJSONRequestOperation.m in Sources */ = {isa = PBXBuildFile; fileRef = F8AD92CA15D9A0B400402FE9 /* AFJSONRequestOperation.m */; };
		F8AD92DD15D9A0B400402FE9 /* AFNetworkActivityIndicatorManager.m in Sources */ = {isa = PBXBuildFile; fileRef = F8AD92CE15D9A0B400402FE9 /* AFNetworkActivityIndicatorManager.m */; };
		F8AD92DE15D9A0B400402FE9 /* AFPropertyListRequestOperation.m in Sources */ = {isa = PBXBuildFile; fileRef = F8AD92D115D9A0B400402FE9 /* AFPropertyListRequestOperation.m */; };
		F8AD92DF15D9A0B400402FE9 /* AFURLConnectionOperation.m in Sources */ = {isa = PBXBuildFile; fileRef = F8AD92D315D9A0B400402FE9 /* AFURLConnectionOperation.m */; };
		F8AD92E015D9A0B400402FE9 /* AFXMLRequestOperation.m in Sources */ = {isa = PBXBuildFile; fileRef = F8AD92D515D9A0B400402FE9 /* AFXMLRequestOperation.m */; };
		F8AD92E115D9A0B400402FE9 /* UIImageView+AFNetworking.m in Sources */ = {isa = PBXBuildFile; fileRef = F8AD92D715D9A0B400402FE9 /* UIImageView+AFNetworking.m */; };
		F8AD92E715D9A0BB00402FE9 /* AFIncrementalStore.m in Sources */ = {isa = PBXBuildFile; fileRef = F8AD92E415D9A0BB00402FE9 /* AFIncrementalStore.m */; };
		F8AD92E815D9A0BB00402FE9 /* AFRESTClient.m in Sources */ = {isa = PBXBuildFile; fileRef = F8AD92E615D9A0BB00402FE9 /* AFRESTClient.m */; };
		F8AFAFB215AB4F28003FE5BB /* UIKit.framework in Frameworks */ = {isa = PBXBuildFile; fileRef = F8AFAFB115AB4F28003FE5BB /* UIKit.framework */; };
		F8AFAFB415AB4F28003FE5BB /* Foundation.framework in Frameworks */ = {isa = PBXBuildFile; fileRef = F8AFAFB315AB4F28003FE5BB /* Foundation.framework */; };
		F8AFAFB615AB4F28003FE5BB /* CoreGraphics.framework in Frameworks */ = {isa = PBXBuildFile; fileRef = F8AFAFB515AB4F28003FE5BB /* CoreGraphics.framework */; };
		F8AFAFB815AB4F28003FE5BB /* CoreData.framework in Frameworks */ = {isa = PBXBuildFile; fileRef = F8AFAFB715AB4F28003FE5BB /* CoreData.framework */; };
		F8F8240D173893C000ED7E21 /* TTTDateTransformers.m in Sources */ = {isa = PBXBuildFile; fileRef = F8F8240A173893C000ED7E21 /* TTTDateTransformers.m */; };
		F8F8240E173893C000ED7E21 /* TTTImageTransformers.m in Sources */ = {isa = PBXBuildFile; fileRef = F8F8240B173893C000ED7E21 /* TTTImageTransformers.m */; };
		F8F8240F173893C000ED7E21 /* TTTStringTransformers.m in Sources */ = {isa = PBXBuildFile; fileRef = F8F8240C173893C000ED7E21 /* TTTStringTransformers.m */; };
/* End PBXBuildFile section */

/* Begin PBXFileReference section */
		F81D903A16F3DED80043C85A /* NSValueTransformer+TransformerKit.h */ = {isa = PBXFileReference; fileEncoding = 4; lastKnownFileType = sourcecode.c.h; path = "NSValueTransformer+TransformerKit.h"; sourceTree = "<group>"; };
		F81D903B16F3DED80043C85A /* NSValueTransformer+TransformerKit.m */ = {isa = PBXFileReference; fileEncoding = 4; lastKnownFileType = sourcecode.c.objc; path = "NSValueTransformer+TransformerKit.m"; sourceTree = "<group>"; };
		F81D904016F3DED80043C85A /* TransformerKit.h */ = {isa = PBXFileReference; fileEncoding = 4; lastKnownFileType = sourcecode.c.h; path = TransformerKit.h; sourceTree = "<group>"; };
		F81D904516F3DEEB0043C85A /* NSString+InflectorKit.h */ = {isa = PBXFileReference; fileEncoding = 4; lastKnownFileType = sourcecode.c.h; path = "NSString+InflectorKit.h"; sourceTree = "<group>"; };
		F81D904616F3DEEB0043C85A /* NSString+InflectorKit.m */ = {isa = PBXFileReference; fileEncoding = 4; lastKnownFileType = sourcecode.c.objc; path = "NSString+InflectorKit.m"; sourceTree = "<group>"; };
		F81D904716F3DEEB0043C85A /* TTTStringInflector.h */ = {isa = PBXFileReference; fileEncoding = 4; lastKnownFileType = sourcecode.c.h; path = TTTStringInflector.h; sourceTree = "<group>"; };
		F81D904816F3DEEB0043C85A /* TTTStringInflector.m */ = {isa = PBXFileReference; fileEncoding = 4; lastKnownFileType = sourcecode.c.objc; path = TTTStringInflector.m; sourceTree = "<group>"; };
		F81D905916F3E6AC0043C85A /* Default-568h@2x.png */ = {isa = PBXFileReference; lastKnownFileType = image.png; path = "Default-568h@2x.png"; sourceTree = "<group>"; };
		F81D905B16F3E6BC0043C85A /* SystemConfiguration.framework */ = {isa = PBXFileReference; lastKnownFileType = wrapper.framework; name = SystemConfiguration.framework; path = System/Library/Frameworks/SystemConfiguration.framework; sourceTree = SDKROOT; };
		F81D905D16F3E6C10043C85A /* MobileCoreServices.framework */ = {isa = PBXFileReference; lastKnownFileType = wrapper.framework; name = MobileCoreServices.framework; path = System/Library/Frameworks/MobileCoreServices.framework; sourceTree = SDKROOT; };
		F8874E7515B08AD30048680F /* Prefix.pch */ = {isa = PBXFileReference; lastKnownFileType = sourcecode.c.h; path = Prefix.pch; sourceTree = SOURCE_ROOT; };
		F8874E7615B08ADB0048680F /* Info.plist */ = {isa = PBXFileReference; fileEncoding = 4; lastKnownFileType = text.plist.xml; path = Info.plist; sourceTree = SOURCE_ROOT; };
		F8874F0715B08B770048680F /* Artist.m */ = {isa = PBXFileReference; fileEncoding = 4; lastKnownFileType = sourcecode.c.objc; name = Artist.m; path = Classes/Artist.m; sourceTree = SOURCE_ROOT; };
		F8874F0815B08B770048680F /* ArtistDetailViewController.m */ = {isa = PBXFileReference; fileEncoding = 4; lastKnownFileType = sourcecode.c.objc; name = ArtistDetailViewController.m; path = Classes/ArtistDetailViewController.m; sourceTree = SOURCE_ROOT; };
		F8874F0915B08B770048680F /* ArtistsListViewController.m */ = {isa = PBXFileReference; fileEncoding = 4; lastKnownFileType = sourcecode.c.objc; name = ArtistsListViewController.m; path = Classes/ArtistsListViewController.m; sourceTree = SOURCE_ROOT; };
		F8874F0B15B08B770048680F /* Song.m */ = {isa = PBXFileReference; fileEncoding = 4; lastKnownFileType = sourcecode.c.objc; name = Song.m; path = Classes/Song.m; sourceTree = SOURCE_ROOT; };
		F8874F0C15B08B770048680F /* SongAPIClient.m */ = {isa = PBXFileReference; fileEncoding = 4; lastKnownFileType = sourcecode.c.objc; name = SongAPIClient.m; path = Classes/SongAPIClient.m; sourceTree = SOURCE_ROOT; };
		F8874F0D15B08B770048680F /* SongsIncrementalStore.m */ = {isa = PBXFileReference; fileEncoding = 4; lastKnownFileType = sourcecode.c.objc; name = SongsIncrementalStore.m; path = Classes/SongsIncrementalStore.m; sourceTree = SOURCE_ROOT; };
		F8874F0E15B08B770048680F /* Artist.h */ = {isa = PBXFileReference; fileEncoding = 4; lastKnownFileType = sourcecode.c.h; name = Artist.h; path = Classes/Artist.h; sourceTree = SOURCE_ROOT; };
		F8874F0F15B08B770048680F /* ArtistDetailViewController.h */ = {isa = PBXFileReference; fileEncoding = 4; lastKnownFileType = sourcecode.c.h; name = ArtistDetailViewController.h; path = Classes/ArtistDetailViewController.h; sourceTree = SOURCE_ROOT; };
		F8874F1015B08B770048680F /* ArtistsListViewController.h */ = {isa = PBXFileReference; fileEncoding = 4; lastKnownFileType = sourcecode.c.h; name = ArtistsListViewController.h; path = Classes/ArtistsListViewController.h; sourceTree = SOURCE_ROOT; };
		F8874F1115B08B770048680F /* Song.h */ = {isa = PBXFileReference; fileEncoding = 4; lastKnownFileType = sourcecode.c.h; name = Song.h; path = Classes/Song.h; sourceTree = SOURCE_ROOT; };
		F8874F1215B08B770048680F /* SongAPIClient.h */ = {isa = PBXFileReference; fileEncoding = 4; lastKnownFileType = sourcecode.c.h; name = SongAPIClient.h; path = Classes/SongAPIClient.h; sourceTree = SOURCE_ROOT; };
		F8874F1315B08B770048680F /* SongsIncrementalStore.h */ = {isa = PBXFileReference; fileEncoding = 4; lastKnownFileType = sourcecode.c.h; name = SongsIncrementalStore.h; path = Classes/SongsIncrementalStore.h; sourceTree = SOURCE_ROOT; };
		F8874F1B15B08BD30048680F /* AppDelegate.m */ = {isa = PBXFileReference; lastKnownFileType = sourcecode.c.objc; path = AppDelegate.m; sourceTree = SOURCE_ROOT; };
		F8874F1C15B08BD30048680F /* AppDelegate.h */ = {isa = PBXFileReference; lastKnownFileType = sourcecode.c.h; path = AppDelegate.h; sourceTree = SOURCE_ROOT; };
		F8874F1E15B08C2A0048680F /* main.m */ = {isa = PBXFileReference; fileEncoding = 4; lastKnownFileType = sourcecode.c.objc; path = main.m; sourceTree = SOURCE_ROOT; };
		F8874F2215B08CA80048680F /* IncrementalStoreExample.xcdatamodel */ = {isa = PBXFileReference; lastKnownFileType = wrapper.xcdatamodel; path = IncrementalStoreExample.xcdatamodel; sourceTree = "<group>"; };
		F8AD92C315D9A0B400402FE9 /* AFHTTPClient.h */ = {isa = PBXFileReference; fileEncoding = 4; lastKnownFileType = sourcecode.c.h; path = AFHTTPClient.h; sourceTree = "<group>"; };
		F8AD92C415D9A0B400402FE9 /* AFHTTPClient.m */ = {isa = PBXFileReference; fileEncoding = 4; lastKnownFileType = sourcecode.c.objc; path = AFHTTPClient.m; sourceTree = "<group>"; };
		F8AD92C515D9A0B400402FE9 /* AFHTTPRequestOperation.h */ = {isa = PBXFileReference; fileEncoding = 4; lastKnownFileType = sourcecode.c.h; path = AFHTTPRequestOperation.h; sourceTree = "<group>"; };
		F8AD92C615D9A0B400402FE9 /* AFHTTPRequestOperation.m */ = {isa = PBXFileReference; fileEncoding = 4; lastKnownFileType = sourcecode.c.objc; path = AFHTTPRequestOperation.m; sourceTree = "<group>"; };
		F8AD92C715D9A0B400402FE9 /* AFImageRequestOperation.h */ = {isa = PBXFileReference; fileEncoding = 4; lastKnownFileType = sourcecode.c.h; path = AFImageRequestOperation.h; sourceTree = "<group>"; };
		F8AD92C815D9A0B400402FE9 /* AFImageRequestOperation.m */ = {isa = PBXFileReference; fileEncoding = 4; lastKnownFileType = sourcecode.c.objc; path = AFImageRequestOperation.m; sourceTree = "<group>"; };
		F8AD92C915D9A0B400402FE9 /* AFJSONRequestOperation.h */ = {isa = PBXFileReference; fileEncoding = 4; lastKnownFileType = sourcecode.c.h; path = AFJSONRequestOperation.h; sourceTree = "<group>"; };
		F8AD92CA15D9A0B400402FE9 /* AFJSONRequestOperation.m */ = {isa = PBXFileReference; fileEncoding = 4; lastKnownFileType = sourcecode.c.objc; path = AFJSONRequestOperation.m; sourceTree = "<group>"; };
		F8AD92CD15D9A0B400402FE9 /* AFNetworkActivityIndicatorManager.h */ = {isa = PBXFileReference; fileEncoding = 4; lastKnownFileType = sourcecode.c.h; path = AFNetworkActivityIndicatorManager.h; sourceTree = "<group>"; };
		F8AD92CE15D9A0B400402FE9 /* AFNetworkActivityIndicatorManager.m */ = {isa = PBXFileReference; fileEncoding = 4; lastKnownFileType = sourcecode.c.objc; path = AFNetworkActivityIndicatorManager.m; sourceTree = "<group>"; };
		F8AD92CF15D9A0B400402FE9 /* AFNetworking.h */ = {isa = PBXFileReference; fileEncoding = 4; lastKnownFileType = sourcecode.c.h; path = AFNetworking.h; sourceTree = "<group>"; };
		F8AD92D015D9A0B400402FE9 /* AFPropertyListRequestOperation.h */ = {isa = PBXFileReference; fileEncoding = 4; lastKnownFileType = sourcecode.c.h; path = AFPropertyListRequestOperation.h; sourceTree = "<group>"; };
		F8AD92D115D9A0B400402FE9 /* AFPropertyListRequestOperation.m */ = {isa = PBXFileReference; fileEncoding = 4; lastKnownFileType = sourcecode.c.objc; path = AFPropertyListRequestOperation.m; sourceTree = "<group>"; };
		F8AD92D215D9A0B400402FE9 /* AFURLConnectionOperation.h */ = {isa = PBXFileReference; fileEncoding = 4; lastKnownFileType = sourcecode.c.h; path = AFURLConnectionOperation.h; sourceTree = "<group>"; };
		F8AD92D315D9A0B400402FE9 /* AFURLConnectionOperation.m */ = {isa = PBXFileReference; fileEncoding = 4; lastKnownFileType = sourcecode.c.objc; path = AFURLConnectionOperation.m; sourceTree = "<group>"; };
		F8AD92D415D9A0B400402FE9 /* AFXMLRequestOperation.h */ = {isa = PBXFileReference; fileEncoding = 4; lastKnownFileType = sourcecode.c.h; path = AFXMLRequestOperation.h; sourceTree = "<group>"; };
		F8AD92D515D9A0B400402FE9 /* AFXMLRequestOperation.m */ = {isa = PBXFileReference; fileEncoding = 4; lastKnownFileType = sourcecode.c.objc; path = AFXMLRequestOperation.m; sourceTree = "<group>"; };
		F8AD92D615D9A0B400402FE9 /* UIImageView+AFNetworking.h */ = {isa = PBXFileReference; fileEncoding = 4; lastKnownFileType = sourcecode.c.h; path = "UIImageView+AFNetworking.h"; sourceTree = "<group>"; };
		F8AD92D715D9A0B400402FE9 /* UIImageView+AFNetworking.m */ = {isa = PBXFileReference; fileEncoding = 4; lastKnownFileType = sourcecode.c.objc; path = "UIImageView+AFNetworking.m"; sourceTree = "<group>"; };
		F8AD92E315D9A0BB00402FE9 /* AFIncrementalStore.h */ = {isa = PBXFileReference; fileEncoding = 4; lastKnownFileType = sourcecode.c.h; path = AFIncrementalStore.h; sourceTree = "<group>"; };
		F8AD92E415D9A0BB00402FE9 /* AFIncrementalStore.m */ = {isa = PBXFileReference; fileEncoding = 4; lastKnownFileType = sourcecode.c.objc; path = AFIncrementalStore.m; sourceTree = "<group>"; };
		F8AD92E515D9A0BB00402FE9 /* AFRESTClient.h */ = {isa = PBXFileReference; fileEncoding = 4; lastKnownFileType = sourcecode.c.h; path = AFRESTClient.h; sourceTree = "<group>"; };
		F8AD92E615D9A0BB00402FE9 /* AFRESTClient.m */ = {isa = PBXFileReference; fileEncoding = 4; lastKnownFileType = sourcecode.c.objc; path = AFRESTClient.m; sourceTree = "<group>"; };
		F8AFAFAD15AB4F28003FE5BB /* Songs.app */ = {isa = PBXFileReference; explicitFileType = wrapper.application; includeInIndex = 0; path = Songs.app; sourceTree = BUILT_PRODUCTS_DIR; };
		F8AFAFB115AB4F28003FE5BB /* UIKit.framework */ = {isa = PBXFileReference; lastKnownFileType = wrapper.framework; name = UIKit.framework; path = System/Library/Frameworks/UIKit.framework; sourceTree = SDKROOT; };
		F8AFAFB315AB4F28003FE5BB /* Foundation.framework */ = {isa = PBXFileReference; lastKnownFileType = wrapper.framework; name = Foundation.framework; path = System/Library/Frameworks/Foundation.framework; sourceTree = SDKROOT; };
		F8AFAFB515AB4F28003FE5BB /* CoreGraphics.framework */ = {isa = PBXFileReference; lastKnownFileType = wrapper.framework; name = CoreGraphics.framework; path = System/Library/Frameworks/CoreGraphics.framework; sourceTree = SDKROOT; };
		F8AFAFB715AB4F28003FE5BB /* CoreData.framework */ = {isa = PBXFileReference; lastKnownFileType = wrapper.framework; name = CoreData.framework; path = System/Library/Frameworks/CoreData.framework; sourceTree = SDKROOT; };
		F8F82407173893C000ED7E21 /* TTTDateTransformers.h */ = {isa = PBXFileReference; fileEncoding = 4; lastKnownFileType = sourcecode.c.h; path = TTTDateTransformers.h; sourceTree = "<group>"; };
		F8F82408173893C000ED7E21 /* TTTImageTransformers.h */ = {isa = PBXFileReference; fileEncoding = 4; lastKnownFileType = sourcecode.c.h; path = TTTImageTransformers.h; sourceTree = "<group>"; };
		F8F82409173893C000ED7E21 /* TTTStringTransformers.h */ = {isa = PBXFileReference; fileEncoding = 4; lastKnownFileType = sourcecode.c.h; path = TTTStringTransformers.h; sourceTree = "<group>"; };
		F8F8240A173893C000ED7E21 /* TTTDateTransformers.m */ = {isa = PBXFileReference; fileEncoding = 4; lastKnownFileType = sourcecode.c.objc; path = TTTDateTransformers.m; sourceTree = "<group>"; };
		F8F8240B173893C000ED7E21 /* TTTImageTransformers.m */ = {isa = PBXFileReference; fileEncoding = 4; lastKnownFileType = sourcecode.c.objc; path = TTTImageTransformers.m; sourceTree = "<group>"; };
		F8F8240C173893C000ED7E21 /* TTTStringTransformers.m */ = {isa = PBXFileReference; fileEncoding = 4; lastKnownFileType = sourcecode.c.objc; path = TTTStringTransformers.m; sourceTree = "<group>"; };
/* End PBXFileReference section */

/* Begin PBXFrameworksBuildPhase section */
		F8AFAFAA15AB4F28003FE5BB /* Frameworks */ = {
			isa = PBXFrameworksBuildPhase;
			buildActionMask = 2147483647;
			files = (
				F81D905E16F3E6C10043C85A /* MobileCoreServices.framework in Frameworks */,
				F81D905C16F3E6BC0043C85A /* SystemConfiguration.framework in Frameworks */,
				F8AFAFB215AB4F28003FE5BB /* UIKit.framework in Frameworks */,
				F8AFAFB415AB4F28003FE5BB /* Foundation.framework in Frameworks */,
				F8AFAFB615AB4F28003FE5BB /* CoreGraphics.framework in Frameworks */,
				F8AFAFB815AB4F28003FE5BB /* CoreData.framework in Frameworks */,
			);
			runOnlyForDeploymentPostprocessing = 0;
		};
/* End PBXFrameworksBuildPhase section */

/* Begin PBXGroup section */
		F81D903916F3DED80043C85A /* TransformerKit */ = {
			isa = PBXGroup;
			children = (
				F81D904016F3DED80043C85A /* TransformerKit.h */,
				F81D903A16F3DED80043C85A /* NSValueTransformer+TransformerKit.h */,
				F81D903B16F3DED80043C85A /* NSValueTransformer+TransformerKit.m */,
				F8F82407173893C000ED7E21 /* TTTDateTransformers.h */,
				F8F82408173893C000ED7E21 /* TTTImageTransformers.h */,
				F8F82409173893C000ED7E21 /* TTTStringTransformers.h */,
				F8F8240A173893C000ED7E21 /* TTTDateTransformers.m */,
				F8F8240B173893C000ED7E21 /* TTTImageTransformers.m */,
				F8F8240C173893C000ED7E21 /* TTTStringTransformers.m */,
			);
			name = TransformerKit;
			path = ../../TransformerKit/TransformerKit;
			sourceTree = "<group>";
		};
		F81D904416F3DEEB0043C85A /* InflectorKit */ = {
			isa = PBXGroup;
			children = (
				F81D904516F3DEEB0043C85A /* NSString+InflectorKit.h */,
				F81D904616F3DEEB0043C85A /* NSString+InflectorKit.m */,
				F81D904716F3DEEB0043C85A /* TTTStringInflector.h */,
				F81D904816F3DEEB0043C85A /* TTTStringInflector.m */,
			);
			name = InflectorKit;
			path = ../../InflectorKit/InflectorKit;
			sourceTree = "<group>";
		};
		F8874E5915AF927D0048680F /* Controllers */ = {
			isa = PBXGroup;
			children = (
				F8874F1015B08B770048680F /* ArtistsListViewController.h */,
				F8874F0915B08B770048680F /* ArtistsListViewController.m */,
				F8874F0F15B08B770048680F /* ArtistDetailViewController.h */,
				F8874F0815B08B770048680F /* ArtistDetailViewController.m */,
			);
			name = Controllers;
			sourceTree = "<group>";
		};
		F8874E5B15AF92830048680F /* Models */ = {
			isa = PBXGroup;
			children = (
				F8874F2115B08CA80048680F /* IncrementalStoreExample.xcdatamodeld */,
				F8874F0E15B08B770048680F /* Artist.h */,
				F8874F0715B08B770048680F /* Artist.m */,
				F8874F1115B08B770048680F /* Song.h */,
				F8874F0B15B08B770048680F /* Song.m */,
			);
			name = Models;
			sourceTree = "<group>";
		};
		F8AD92C215D9A0B400402FE9 /* AFNetworking */ = {
			isa = PBXGroup;
			children = (
				F8AD92C315D9A0B400402FE9 /* AFHTTPClient.h */,
				F8AD92C415D9A0B400402FE9 /* AFHTTPClient.m */,
				F8AD92C515D9A0B400402FE9 /* AFHTTPRequestOperation.h */,
				F8AD92C615D9A0B400402FE9 /* AFHTTPRequestOperation.m */,
				F8AD92C715D9A0B400402FE9 /* AFImageRequestOperation.h */,
				F8AD92C815D9A0B400402FE9 /* AFImageRequestOperation.m */,
				F8AD92C915D9A0B400402FE9 /* AFJSONRequestOperation.h */,
				F8AD92CA15D9A0B400402FE9 /* AFJSONRequestOperation.m */,
				F8AD92CD15D9A0B400402FE9 /* AFNetworkActivityIndicatorManager.h */,
				F8AD92CE15D9A0B400402FE9 /* AFNetworkActivityIndicatorManager.m */,
				F8AD92CF15D9A0B400402FE9 /* AFNetworking.h */,
				F8AD92D015D9A0B400402FE9 /* AFPropertyListRequestOperation.h */,
				F8AD92D115D9A0B400402FE9 /* AFPropertyListRequestOperation.m */,
				F8AD92D215D9A0B400402FE9 /* AFURLConnectionOperation.h */,
				F8AD92D315D9A0B400402FE9 /* AFURLConnectionOperation.m */,
				F8AD92D415D9A0B400402FE9 /* AFXMLRequestOperation.h */,
				F8AD92D515D9A0B400402FE9 /* AFXMLRequestOperation.m */,
				F8AD92D615D9A0B400402FE9 /* UIImageView+AFNetworking.h */,
				F8AD92D715D9A0B400402FE9 /* UIImageView+AFNetworking.m */,
			);
			name = AFNetworking;
			path = ../../AFNetworking/AFNetworking;
			sourceTree = "<group>";
		};
		F8AD92E215D9A0BB00402FE9 /* AFIncrementalStore */ = {
			isa = PBXGroup;
			children = (
				F8AD92E315D9A0BB00402FE9 /* AFIncrementalStore.h */,
				F8AD92E415D9A0BB00402FE9 /* AFIncrementalStore.m */,
				F8AD92E515D9A0BB00402FE9 /* AFRESTClient.h */,
				F8AD92E615D9A0BB00402FE9 /* AFRESTClient.m */,
			);
			name = AFIncrementalStore;
			path = ../../AFIncrementalStore;
			sourceTree = "<group>";
		};
		F8AFAFA215AB4F28003FE5BB = {
			isa = PBXGroup;
			children = (
				F81D905916F3E6AC0043C85A /* Default-568h@2x.png */,
				F8AFAFB915AB4F28003FE5BB /* Basic Example */,
				F8AFAFB015AB4F28003FE5BB /* Frameworks */,
				F8AFAFAE15AB4F28003FE5BB /* Products */,
				F8AFB07215AB5010003FE5BB /* Vendor */,
			);
			sourceTree = "<group>";
		};
		F8AFAFAE15AB4F28003FE5BB /* Products */ = {
			isa = PBXGroup;
			children = (
				F8AFAFAD15AB4F28003FE5BB /* Songs.app */,
			);
			name = Products;
			sourceTree = "<group>";
		};
		F8AFAFB015AB4F28003FE5BB /* Frameworks */ = {
			isa = PBXGroup;
			children = (
				F81D905D16F3E6C10043C85A /* MobileCoreServices.framework */,
				F81D905B16F3E6BC0043C85A /* SystemConfiguration.framework */,
				F8AFAFB115AB4F28003FE5BB /* UIKit.framework */,
				F8AFAFB315AB4F28003FE5BB /* Foundation.framework */,
				F8AFAFB515AB4F28003FE5BB /* CoreGraphics.framework */,
				F8AFAFB715AB4F28003FE5BB /* CoreData.framework */,
			);
			name = Frameworks;
			sourceTree = "<group>";
		};
		F8AFAFB915AB4F28003FE5BB /* Basic Example */ = {
			isa = PBXGroup;
			children = (
				F8874F1C15B08BD30048680F /* AppDelegate.h */,
				F8874F1B15B08BD30048680F /* AppDelegate.m */,
				F8874F1215B08B770048680F /* SongAPIClient.h */,
				F8874F0C15B08B770048680F /* SongAPIClient.m */,
				F8874F1315B08B770048680F /* SongsIncrementalStore.h */,
				F8874F0D15B08B770048680F /* SongsIncrementalStore.m */,
				F8874E5B15AF92830048680F /* Models */,
				F8874E5915AF927D0048680F /* Controllers */,
				F8AFAFBA15AB4F28003FE5BB /* Supporting Files */,
			);
			name = "Basic Example";
			path = IncrementalStoreExample;
			sourceTree = "<group>";
		};
		F8AFAFBA15AB4F28003FE5BB /* Supporting Files */ = {
			isa = PBXGroup;
			children = (
				F8874E7515B08AD30048680F /* Prefix.pch */,
				F8874E7615B08ADB0048680F /* Info.plist */,
				F8874F1E15B08C2A0048680F /* main.m */,
			);
			name = "Supporting Files";
			sourceTree = "<group>";
		};
		F8AFB07215AB5010003FE5BB /* Vendor */ = {
			isa = PBXGroup;
			children = (
				F8AD92E215D9A0BB00402FE9 /* AFIncrementalStore */,
				F8AD92C215D9A0B400402FE9 /* AFNetworking */,
				F81D904416F3DEEB0043C85A /* InflectorKit */,
				F81D903916F3DED80043C85A /* TransformerKit */,
			);
			name = Vendor;
			sourceTree = "<group>";
		};
/* End PBXGroup section */

/* Begin PBXNativeTarget section */
		F8AFAFAC15AB4F28003FE5BB /* Songs */ = {
			isa = PBXNativeTarget;
			buildConfigurationList = F8AFAFCA15AB4F28003FE5BB /* Build configuration list for PBXNativeTarget "Songs" */;
			buildPhases = (
				F8AFAFA915AB4F28003FE5BB /* Sources */,
				F8AFAFAA15AB4F28003FE5BB /* Frameworks */,
				F8AFAFAB15AB4F28003FE5BB /* Resources */,
			);
			buildRules = (
			);
			dependencies = (
			);
			name = Songs;
			productName = IncrementalStoreExample;
			productReference = F8AFAFAD15AB4F28003FE5BB /* Songs.app */;
			productType = "com.apple.product-type.application";
		};
/* End PBXNativeTarget section */

/* Begin PBXProject section */
		F8AFAFA415AB4F28003FE5BB /* Project object */ = {
			isa = PBXProject;
			attributes = {
				CLASSPREFIX = AF;
				LastUpgradeCheck = 0460;
			};
			buildConfigurationList = F8AFAFA715AB4F28003FE5BB /* Build configuration list for PBXProject "Basic Example" */;
			compatibilityVersion = "Xcode 3.2";
			developmentRegion = English;
			hasScannedForEncodings = 0;
			knownRegions = (
				en,
			);
			mainGroup = F8AFAFA215AB4F28003FE5BB;
			productRefGroup = F8AFAFAE15AB4F28003FE5BB /* Products */;
			projectDirPath = "";
			projectRoot = "";
			targets = (
				F8AFAFAC15AB4F28003FE5BB /* Songs */,
			);
		};
/* End PBXProject section */

/* Begin PBXResourcesBuildPhase section */
		F8AFAFAB15AB4F28003FE5BB /* Resources */ = {
			isa = PBXResourcesBuildPhase;
			buildActionMask = 2147483647;
			files = (
				F81D905A16F3E6AC0043C85A /* Default-568h@2x.png in Resources */,
			);
			runOnlyForDeploymentPostprocessing = 0;
		};
/* End PBXResourcesBuildPhase section */

/* Begin PBXSourcesBuildPhase section */
		F8AFAFA915AB4F28003FE5BB /* Sources */ = {
			isa = PBXSourcesBuildPhase;
			buildActionMask = 2147483647;
			files = (
				F8874F1415B08B770048680F /* Artist.m in Sources */,
				F8874F1515B08B770048680F /* ArtistDetailViewController.m in Sources */,
				F8874F1615B08B770048680F /* ArtistsListViewController.m in Sources */,
				F8874F1815B08B770048680F /* Song.m in Sources */,
				F8874F1915B08B770048680F /* SongAPIClient.m in Sources */,
				F8874F1A15B08B770048680F /* SongsIncrementalStore.m in Sources */,
				F8874F2015B08C4B0048680F /* AppDelegate.m in Sources */,
				F8874F1F15B08C2A0048680F /* main.m in Sources */,
				F8874F2315B08CA80048680F /* IncrementalStoreExample.xcdatamodeld in Sources */,
				F8AD92D815D9A0B400402FE9 /* AFHTTPClient.m in Sources */,
				F8AD92D915D9A0B400402FE9 /* AFHTTPRequestOperation.m in Sources */,
				F8AD92DA15D9A0B400402FE9 /* AFImageRequestOperation.m in Sources */,
				F8AD92DB15D9A0B400402FE9 /* AFJSONRequestOperation.m in Sources */,
				F8AD92DD15D9A0B400402FE9 /* AFNetworkActivityIndicatorManager.m in Sources */,
				F8AD92DE15D9A0B400402FE9 /* AFPropertyListRequestOperation.m in Sources */,
				F8AD92DF15D9A0B400402FE9 /* AFURLConnectionOperation.m in Sources */,
				F8AD92E015D9A0B400402FE9 /* AFXMLRequestOperation.m in Sources */,
				F8AD92E115D9A0B400402FE9 /* UIImageView+AFNetworking.m in Sources */,
				F8AD92E715D9A0BB00402FE9 /* AFIncrementalStore.m in Sources */,
				F8AD92E815D9A0BB00402FE9 /* AFRESTClient.m in Sources */,
				F81D904116F3DED80043C85A /* NSValueTransformer+TransformerKit.m in Sources */,
				F81D904916F3DEEB0043C85A /* NSString+InflectorKit.m in Sources */,
				F81D904A16F3DEEB0043C85A /* TTTStringInflector.m in Sources */,
				F8F8240D173893C000ED7E21 /* TTTDateTransformers.m in Sources */,
				F8F8240E173893C000ED7E21 /* TTTImageTransformers.m in Sources */,
				F8F8240F173893C000ED7E21 /* TTTStringTransformers.m in Sources */,
			);
			runOnlyForDeploymentPostprocessing = 0;
		};
/* End PBXSourcesBuildPhase section */

/* Begin XCBuildConfiguration section */
		F8AFAFC815AB4F28003FE5BB /* Debug */ = {
			isa = XCBuildConfiguration;
			buildSettings = {
				ALWAYS_SEARCH_USER_PATHS = NO;
				ARCHS = "$(ARCHS_STANDARD_32_BIT)";
				CLANG_ENABLE_OBJC_ARC = YES;
				CLANG_WARN_CONSTANT_CONVERSION = YES;
				CLANG_WARN_ENUM_CONVERSION = YES;
				CLANG_WARN_INT_CONVERSION = YES;
				CLANG_WARN__DUPLICATE_METHOD_MATCH = YES;
				"CODE_SIGN_IDENTITY[sdk=iphoneos*]" = "iPhone Developer";
				COPY_PHASE_STRIP = NO;
				GCC_C_LANGUAGE_STANDARD = gnu99;
				GCC_DYNAMIC_NO_PIC = NO;
				GCC_OPTIMIZATION_LEVEL = 0;
				GCC_PREPROCESSOR_DEFINITIONS = (
					"DEBUG=1",
					"$(inherited)",
				);
				GCC_SYMBOLS_PRIVATE_EXTERN = NO;
				GCC_VERSION = com.apple.compilers.llvm.clang.1_0;
				GCC_WARN_ABOUT_RETURN_TYPE = YES;
				GCC_WARN_UNINITIALIZED_AUTOS = YES;
				GCC_WARN_UNUSED_VARIABLE = YES;
				IPHONEOS_DEPLOYMENT_TARGET = 5.1;
				SDKROOT = iphoneos;
			};
			name = Debug;
		};
		F8AFAFC915AB4F28003FE5BB /* Release */ = {
			isa = XCBuildConfiguration;
			buildSettings = {
				ALWAYS_SEARCH_USER_PATHS = NO;
				ARCHS = "$(ARCHS_STANDARD_32_BIT)";
				CLANG_ENABLE_OBJC_ARC = YES;
				CLANG_WARN_CONSTANT_CONVERSION = YES;
				CLANG_WARN_ENUM_CONVERSION = YES;
				CLANG_WARN_INT_CONVERSION = YES;
				CLANG_WARN__DUPLICATE_METHOD_MATCH = YES;
				"CODE_SIGN_IDENTITY[sdk=iphoneos*]" = "iPhone Developer";
				COPY_PHASE_STRIP = YES;
				GCC_C_LANGUAGE_STANDARD = gnu99;
				GCC_VERSION = com.apple.compilers.llvm.clang.1_0;
				GCC_WARN_ABOUT_RETURN_TYPE = YES;
				GCC_WARN_UNINITIALIZED_AUTOS = YES;
				GCC_WARN_UNUSED_VARIABLE = YES;
				IPHONEOS_DEPLOYMENT_TARGET = 5.1;
				OTHER_CFLAGS = "-DNS_BLOCK_ASSERTIONS=1";
				SDKROOT = iphoneos;
				VALIDATE_PRODUCT = YES;
			};
			name = Release;
		};
		F8AFAFCB15AB4F28003FE5BB /* Debug */ = {
			isa = XCBuildConfiguration;
			buildSettings = {
				GCC_PRECOMPILE_PREFIX_HEADER = YES;
				GCC_PREFIX_HEADER = Prefix.pch;
				INFOPLIST_FILE = Info.plist;
				PRODUCT_NAME = "$(TARGET_NAME)";
				WRAPPER_EXTENSION = app;
			};
			name = Debug;
		};
		F8AFAFCC15AB4F28003FE5BB /* Release */ = {
			isa = XCBuildConfiguration;
			buildSettings = {
				GCC_PRECOMPILE_PREFIX_HEADER = YES;
				GCC_PREFIX_HEADER = Prefix.pch;
				INFOPLIST_FILE = Info.plist;
				PRODUCT_NAME = "$(TARGET_NAME)";
				WRAPPER_EXTENSION = app;
			};
			name = Release;
		};
/* End XCBuildConfiguration section */

/* Begin XCConfigurationList section */
		F8AFAFA715AB4F28003FE5BB /* Build configuration list for PBXProject "Basic Example" */ = {
			isa = XCConfigurationList;
			buildConfigurations = (
				F8AFAFC815AB4F28003FE5BB /* Debug */,
				F8AFAFC915AB4F28003FE5BB /* Release */,
			);
			defaultConfigurationIsVisible = 0;
			defaultConfigurationName = Release;
		};
		F8AFAFCA15AB4F28003FE5BB /* Build configuration list for PBXNativeTarget "Songs" */ = {
			isa = XCConfigurationList;
			buildConfigurations = (
				F8AFAFCB15AB4F28003FE5BB /* Debug */,
				F8AFAFCC15AB4F28003FE5BB /* Release */,
			);
			defaultConfigurationIsVisible = 0;
			defaultConfigurationName = Release;
		};
/* End XCConfigurationList section */

/* Begin XCVersionGroup section */
		F8874F2115B08CA80048680F /* IncrementalStoreExample.xcdatamodeld */ = {
			isa = XCVersionGroup;
			children = (
				F8874F2215B08CA80048680F /* IncrementalStoreExample.xcdatamodel */,
			);
			currentVersion = F8874F2215B08CA80048680F /* IncrementalStoreExample.xcdatamodel */;
			path = IncrementalStoreExample.xcdatamodeld;
			sourceTree = SOURCE_ROOT;
			versionGroupType = wrapper.xcdatamodel;
		};
/* End XCVersionGroup section */
	};
	rootObject = F8AFAFA415AB4F28003FE5BB /* Project object */;
}
