// !$*UTF8*$!
{
	archiveVersion = 1;
	classes = {
	};
	objectVersion = 46;
	objects = {

/* Begin PBXBuildFile section */
		BD19797217CF985E00958CDC /* AFNetworkActivityIndicatorManager.m in Sources */ = {isa = PBXBuildFile; fileRef = BD19796717CF985D00958CDC /* AFNetworkActivityIndicatorManager.m */; };
		BD19797317CF985E00958CDC /* UIActivityIndicatorView+AFNetworking.m in Sources */ = {isa = PBXBuildFile; fileRef = BD19796917CF985D00958CDC /* UIActivityIndicatorView+AFNetworking.m */; };
		BD19797417CF985E00958CDC /* UIButton+AFNetworking.m in Sources */ = {isa = PBXBuildFile; fileRef = BD19796B17CF985D00958CDC /* UIButton+AFNetworking.m */; };
		BD19797517CF985E00958CDC /* UIImageView+AFNetworking.m in Sources */ = {isa = PBXBuildFile; fileRef = BD19796D17CF985D00958CDC /* UIImageView+AFNetworking.m */; };
		BD19797617CF985E00958CDC /* UIProgressView+AFNetworking.m in Sources */ = {isa = PBXBuildFile; fileRef = BD19796F17CF985D00958CDC /* UIProgressView+AFNetworking.m */; };
		BD19797717CF985E00958CDC /* UIWebView+AFNetworking.m in Sources */ = {isa = PBXBuildFile; fileRef = BD19797117CF985D00958CDC /* UIWebView+AFNetworking.m */; };
		BD19798217CF988400958CDC /* AFEventSource.m in Sources */ = {isa = PBXBuildFile; fileRef = BD19797917CF988400958CDC /* AFEventSource.m */; };
		BD19798317CF988400958CDC /* AFHTTPClient+Rocket.m in Sources */ = {isa = PBXBuildFile; fileRef = BD19797B17CF988400958CDC /* AFHTTPClient+Rocket.m */; };
		BD19798417CF988400958CDC /* AFJSONPatchSerializer.m in Sources */ = {isa = PBXBuildFile; fileRef = BD19797D17CF988400958CDC /* AFJSONPatchSerializer.m */; };
		BD19798517CF988400958CDC /* AFSerialization.m in Sources */ = {isa = PBXBuildFile; fileRef = BD19797F17CF988400958CDC /* AFSerialization.m */; };
		BD19798617CF988400958CDC /* AFURLSessionManager.m in Sources */ = {isa = PBXBuildFile; fileRef = BD19798117CF988400958CDC /* AFURLSessionManager.m */; };
		BD1979B017CFA13100958CDC /* CFNetwork.framework in Frameworks */ = {isa = PBXBuildFile; fileRef = BD1979AF17CFA13100958CDC /* CFNetwork.framework */; };
		BD1979B217CFA13800958CDC /* Security.framework in Frameworks */ = {isa = PBXBuildFile; fileRef = BD1979B117CFA13800958CDC /* Security.framework */; };
		F81D903616F3DED30043C85A /* NSValueTransformer+TransformerKit.m in Sources */ = {isa = PBXBuildFile; fileRef = F81D903016F3DED30043C85A /* NSValueTransformer+TransformerKit.m */; };
		F81D905016F3DEF00043C85A /* NSString+InflectorKit.m in Sources */ = {isa = PBXBuildFile; fileRef = F81D904D16F3DEF00043C85A /* NSString+InflectorKit.m */; };
		F81D905116F3DEF00043C85A /* TTTStringInflector.m in Sources */ = {isa = PBXBuildFile; fileRef = F81D904F16F3DEF00043C85A /* TTTStringInflector.m */; };
		F8478A69162729B80026615F /* AppDotNet.xcdatamodeld in Sources */ = {isa = PBXBuildFile; fileRef = F8874F2115B08CA80048680F /* AppDotNet.xcdatamodeld */; };
		F87CD18E15DAB2B200E4C166 /* PostTableViewCell.m in Sources */ = {isa = PBXBuildFile; fileRef = F87CD18D15DAB2B200E4C166 /* PostTableViewCell.m */; };
		F87CD19215DAB45100E4C166 /* profile-image-placeholder.png in Resources */ = {isa = PBXBuildFile; fileRef = F87CD19015DAB45100E4C166 /* profile-image-placeholder.png */; };
		F87CD19315DAB45100E4C166 /* profile-image-placeholder@2x.png in Resources */ = {isa = PBXBuildFile; fileRef = F87CD19115DAB45100E4C166 /* profile-image-placeholder@2x.png */; };
		F8874F1615B08B770048680F /* GlobalStreamViewController.m in Sources */ = {isa = PBXBuildFile; fileRef = F8874F0915B08B770048680F /* GlobalStreamViewController.m */; };
		F8874F1915B08B770048680F /* AppDotNetAPIClient.m in Sources */ = {isa = PBXBuildFile; fileRef = F8874F0C15B08B770048680F /* AppDotNetAPIClient.m */; };
		F8874F1A15B08B770048680F /* AppDotNetIncrementalStore.m in Sources */ = {isa = PBXBuildFile; fileRef = F8874F0D15B08B770048680F /* AppDotNetIncrementalStore.m */; };
		F8874F1F15B08C2A0048680F /* main.m in Sources */ = {isa = PBXBuildFile; fileRef = F8874F1E15B08C2A0048680F /* main.m */; };
		F8874F2015B08C4B0048680F /* AppDelegate.m in Sources */ = {isa = PBXBuildFile; fileRef = F8874F1B15B08BD30048680F /* AppDelegate.m */; };
		F89CAE91168CF118006EDF5A /* Default-568h@2x.png in Resources */ = {isa = PBXBuildFile; fileRef = F89CAE90168CF118006EDF5A /* Default-568h@2x.png */; };
		F8AD92D815D9A0B400402FE9 /* AFHTTPClient.m in Sources */ = {isa = PBXBuildFile; fileRef = F8AD92C415D9A0B400402FE9 /* AFHTTPClient.m */; };
		F8AD92D915D9A0B400402FE9 /* AFHTTPRequestOperation.m in Sources */ = {isa = PBXBuildFile; fileRef = F8AD92C615D9A0B400402FE9 /* AFHTTPRequestOperation.m */; };
		F8AD92DA15D9A0B400402FE9 /* AFImageRequestOperation.m in Sources */ = {isa = PBXBuildFile; fileRef = F8AD92C815D9A0B400402FE9 /* AFImageRequestOperation.m */; };
		F8AD92DB15D9A0B400402FE9 /* AFJSONRequestOperation.m in Sources */ = {isa = PBXBuildFile; fileRef = F8AD92CA15D9A0B400402FE9 /* AFJSONRequestOperation.m */; };
		F8AD92DE15D9A0B400402FE9 /* AFPropertyListRequestOperation.m in Sources */ = {isa = PBXBuildFile; fileRef = F8AD92D115D9A0B400402FE9 /* AFPropertyListRequestOperation.m */; };
		F8AD92DF15D9A0B400402FE9 /* AFURLConnectionOperation.m in Sources */ = {isa = PBXBuildFile; fileRef = F8AD92D315D9A0B400402FE9 /* AFURLConnectionOperation.m */; };
		F8AD92E015D9A0B400402FE9 /* AFXMLRequestOperation.m in Sources */ = {isa = PBXBuildFile; fileRef = F8AD92D515D9A0B400402FE9 /* AFXMLRequestOperation.m */; };
		F8AD92E715D9A0BB00402FE9 /* AFIncrementalStore.m in Sources */ = {isa = PBXBuildFile; fileRef = F8AD92E415D9A0BB00402FE9 /* AFIncrementalStore.m */; };
		F8AD92E815D9A0BB00402FE9 /* AFRESTClient.m in Sources */ = {isa = PBXBuildFile; fileRef = F8AD92E615D9A0BB00402FE9 /* AFRESTClient.m */; };
		F8AD92F815D9A2DB00402FE9 /* Post.m in Sources */ = {isa = PBXBuildFile; fileRef = F8AD92F715D9A2DB00402FE9 /* Post.m */; };
		F8AD92FB15D9A2E500402FE9 /* User.m in Sources */ = {isa = PBXBuildFile; fileRef = F8AD92FA15D9A2E500402FE9 /* User.m */; };
		F8AFAFB215AB4F28003FE5BB /* UIKit.framework in Frameworks */ = {isa = PBXBuildFile; fileRef = F8AFAFB115AB4F28003FE5BB /* UIKit.framework */; };
		F8AFAFB415AB4F28003FE5BB /* Foundation.framework in Frameworks */ = {isa = PBXBuildFile; fileRef = F8AFAFB315AB4F28003FE5BB /* Foundation.framework */; };
		F8AFAFB615AB4F28003FE5BB /* CoreGraphics.framework in Frameworks */ = {isa = PBXBuildFile; fileRef = F8AFAFB515AB4F28003FE5BB /* CoreGraphics.framework */; };
		F8AFAFB815AB4F28003FE5BB /* CoreData.framework in Frameworks */ = {isa = PBXBuildFile; fileRef = F8AFAFB715AB4F28003FE5BB /* CoreData.framework */; };
		F8B6873416F29811001909E6 /* MobileCoreServices.framework in Frameworks */ = {isa = PBXBuildFile; fileRef = F8B6873316F29811001909E6 /* MobileCoreServices.framework */; };
		F8B6873616F2981B001909E6 /* SystemConfiguration.framework in Frameworks */ = {isa = PBXBuildFile; fileRef = F8B6873516F2981B001909E6 /* SystemConfiguration.framework */; };
		F8F82416173893D400ED7E21 /* TTTDateTransformers.m in Sources */ = {isa = PBXBuildFile; fileRef = F8F82413173893D400ED7E21 /* TTTDateTransformers.m */; };
		F8F82417173893D400ED7E21 /* TTTImageTransformers.m in Sources */ = {isa = PBXBuildFile; fileRef = F8F82414173893D400ED7E21 /* TTTImageTransformers.m */; };
		F8F82418173893D400ED7E21 /* TTTStringTransformers.m in Sources */ = {isa = PBXBuildFile; fileRef = F8F82415173893D400ED7E21 /* TTTStringTransformers.m */; };
/* End PBXBuildFile section */

/* Begin PBXFileReference section */
		BD19796617CF985D00958CDC /* AFNetworkActivityIndicatorManager.h */ = {isa = PBXFileReference; fileEncoding = 4; lastKnownFileType = sourcecode.c.h; name = AFNetworkActivityIndicatorManager.h; path = "../UIKit+AFNetworking/AFNetworkActivityIndicatorManager.h"; sourceTree = "<group>"; };
		BD19796717CF985D00958CDC /* AFNetworkActivityIndicatorManager.m */ = {isa = PBXFileReference; fileEncoding = 4; lastKnownFileType = sourcecode.c.objc; name = AFNetworkActivityIndicatorManager.m; path = "../UIKit+AFNetworking/AFNetworkActivityIndicatorManager.m"; sourceTree = "<group>"; };
		BD19796817CF985D00958CDC /* UIActivityIndicatorView+AFNetworking.h */ = {isa = PBXFileReference; fileEncoding = 4; lastKnownFileType = sourcecode.c.h; name = "UIActivityIndicatorView+AFNetworking.h"; path = "../UIKit+AFNetworking/UIActivityIndicatorView+AFNetworking.h"; sourceTree = "<group>"; };
		BD19796917CF985D00958CDC /* UIActivityIndicatorView+AFNetworking.m */ = {isa = PBXFileReference; fileEncoding = 4; lastKnownFileType = sourcecode.c.objc; name = "UIActivityIndicatorView+AFNetworking.m"; path = "../UIKit+AFNetworking/UIActivityIndicatorView+AFNetworking.m"; sourceTree = "<group>"; };
		BD19796A17CF985D00958CDC /* UIButton+AFNetworking.h */ = {isa = PBXFileReference; fileEncoding = 4; lastKnownFileType = sourcecode.c.h; name = "UIButton+AFNetworking.h"; path = "../UIKit+AFNetworking/UIButton+AFNetworking.h"; sourceTree = "<group>"; };
		BD19796B17CF985D00958CDC /* UIButton+AFNetworking.m */ = {isa = PBXFileReference; fileEncoding = 4; lastKnownFileType = sourcecode.c.objc; name = "UIButton+AFNetworking.m"; path = "../UIKit+AFNetworking/UIButton+AFNetworking.m"; sourceTree = "<group>"; };
		BD19796C17CF985D00958CDC /* UIImageView+AFNetworking.h */ = {isa = PBXFileReference; fileEncoding = 4; lastKnownFileType = sourcecode.c.h; name = "UIImageView+AFNetworking.h"; path = "../UIKit+AFNetworking/UIImageView+AFNetworking.h"; sourceTree = "<group>"; };
		BD19796D17CF985D00958CDC /* UIImageView+AFNetworking.m */ = {isa = PBXFileReference; fileEncoding = 4; lastKnownFileType = sourcecode.c.objc; name = "UIImageView+AFNetworking.m"; path = "../UIKit+AFNetworking/UIImageView+AFNetworking.m"; sourceTree = "<group>"; };
		BD19796E17CF985D00958CDC /* UIProgressView+AFNetworking.h */ = {isa = PBXFileReference; fileEncoding = 4; lastKnownFileType = sourcecode.c.h; name = "UIProgressView+AFNetworking.h"; path = "../UIKit+AFNetworking/UIProgressView+AFNetworking.h"; sourceTree = "<group>"; };
		BD19796F17CF985D00958CDC /* UIProgressView+AFNetworking.m */ = {isa = PBXFileReference; fileEncoding = 4; lastKnownFileType = sourcecode.c.objc; name = "UIProgressView+AFNetworking.m"; path = "../UIKit+AFNetworking/UIProgressView+AFNetworking.m"; sourceTree = "<group>"; };
		BD19797017CF985D00958CDC /* UIWebView+AFNetworking.h */ = {isa = PBXFileReference; fileEncoding = 4; lastKnownFileType = sourcecode.c.h; name = "UIWebView+AFNetworking.h"; path = "../UIKit+AFNetworking/UIWebView+AFNetworking.h"; sourceTree = "<group>"; };
		BD19797117CF985D00958CDC /* UIWebView+AFNetworking.m */ = {isa = PBXFileReference; fileEncoding = 4; lastKnownFileType = sourcecode.c.objc; name = "UIWebView+AFNetworking.m"; path = "../UIKit+AFNetworking/UIWebView+AFNetworking.m"; sourceTree = "<group>"; };
		BD19797817CF988400958CDC /* AFEventSource.h */ = {isa = PBXFileReference; fileEncoding = 4; lastKnownFileType = sourcecode.c.h; path = AFEventSource.h; sourceTree = "<group>"; };
		BD19797917CF988400958CDC /* AFEventSource.m */ = {isa = PBXFileReference; fileEncoding = 4; lastKnownFileType = sourcecode.c.objc; path = AFEventSource.m; sourceTree = "<group>"; };
		BD19797A17CF988400958CDC /* AFHTTPClient+Rocket.h */ = {isa = PBXFileReference; fileEncoding = 4; lastKnownFileType = sourcecode.c.h; path = "AFHTTPClient+Rocket.h"; sourceTree = "<group>"; };
		BD19797B17CF988400958CDC /* AFHTTPClient+Rocket.m */ = {isa = PBXFileReference; fileEncoding = 4; lastKnownFileType = sourcecode.c.objc; path = "AFHTTPClient+Rocket.m"; sourceTree = "<group>"; };
		BD19797C17CF988400958CDC /* AFJSONPatchSerializer.h */ = {isa = PBXFileReference; fileEncoding = 4; lastKnownFileType = sourcecode.c.h; path = AFJSONPatchSerializer.h; sourceTree = "<group>"; };
		BD19797D17CF988400958CDC /* AFJSONPatchSerializer.m */ = {isa = PBXFileReference; fileEncoding = 4; lastKnownFileType = sourcecode.c.objc; path = AFJSONPatchSerializer.m; sourceTree = "<group>"; };
		BD19797E17CF988400958CDC /* AFSerialization.h */ = {isa = PBXFileReference; fileEncoding = 4; lastKnownFileType = sourcecode.c.h; path = AFSerialization.h; sourceTree = "<group>"; };
		BD19797F17CF988400958CDC /* AFSerialization.m */ = {isa = PBXFileReference; fileEncoding = 4; lastKnownFileType = sourcecode.c.objc; path = AFSerialization.m; sourceTree = "<group>"; };
		BD19798017CF988400958CDC /* AFURLSessionManager.h */ = {isa = PBXFileReference; fileEncoding = 4; lastKnownFileType = sourcecode.c.h; path = AFURLSessionManager.h; sourceTree = "<group>"; };
		BD19798117CF988400958CDC /* AFURLSessionManager.m */ = {isa = PBXFileReference; fileEncoding = 4; lastKnownFileType = sourcecode.c.objc; path = AFURLSessionManager.m; sourceTree = "<group>"; };
		BD1979AF17CFA13100958CDC /* CFNetwork.framework */ = {isa = PBXFileReference; lastKnownFileType = wrapper.framework; name = CFNetwork.framework; path = System/Library/Frameworks/CFNetwork.framework; sourceTree = SDKROOT; };
		BD1979B117CFA13800958CDC /* Security.framework */ = {isa = PBXFileReference; lastKnownFileType = wrapper.framework; name = Security.framework; path = System/Library/Frameworks/Security.framework; sourceTree = SDKROOT; };
		F81D902F16F3DED30043C85A /* NSValueTransformer+TransformerKit.h */ = {isa = PBXFileReference; fileEncoding = 4; lastKnownFileType = sourcecode.c.h; path = "NSValueTransformer+TransformerKit.h"; sourceTree = "<group>"; };
		F81D903016F3DED30043C85A /* NSValueTransformer+TransformerKit.m */ = {isa = PBXFileReference; fileEncoding = 4; lastKnownFileType = sourcecode.c.objc; path = "NSValueTransformer+TransformerKit.m"; sourceTree = "<group>"; };
		F81D903516F3DED30043C85A /* TransformerKit.h */ = {isa = PBXFileReference; fileEncoding = 4; lastKnownFileType = sourcecode.c.h; path = TransformerKit.h; sourceTree = "<group>"; };
		F81D904C16F3DEF00043C85A /* NSString+InflectorKit.h */ = {isa = PBXFileReference; fileEncoding = 4; lastKnownFileType = sourcecode.c.h; path = "NSString+InflectorKit.h"; sourceTree = "<group>"; };
		F81D904D16F3DEF00043C85A /* NSString+InflectorKit.m */ = {isa = PBXFileReference; fileEncoding = 4; lastKnownFileType = sourcecode.c.objc; path = "NSString+InflectorKit.m"; sourceTree = "<group>"; };
		F81D904E16F3DEF00043C85A /* TTTStringInflector.h */ = {isa = PBXFileReference; fileEncoding = 4; lastKnownFileType = sourcecode.c.h; path = TTTStringInflector.h; sourceTree = "<group>"; };
		F81D904F16F3DEF00043C85A /* TTTStringInflector.m */ = {isa = PBXFileReference; fileEncoding = 4; lastKnownFileType = sourcecode.c.objc; path = TTTStringInflector.m; sourceTree = "<group>"; };
		F87CD18C15DAB2B200E4C166 /* PostTableViewCell.h */ = {isa = PBXFileReference; fileEncoding = 4; lastKnownFileType = sourcecode.c.h; name = PostTableViewCell.h; path = Classes/PostTableViewCell.h; sourceTree = SOURCE_ROOT; };
		F87CD18D15DAB2B200E4C166 /* PostTableViewCell.m */ = {isa = PBXFileReference; fileEncoding = 4; lastKnownFileType = sourcecode.c.objc; name = PostTableViewCell.m; path = Classes/PostTableViewCell.m; sourceTree = SOURCE_ROOT; };
		F87CD19015DAB45100E4C166 /* profile-image-placeholder.png */ = {isa = PBXFileReference; lastKnownFileType = image.png; path = "profile-image-placeholder.png"; sourceTree = "<group>"; };
		F87CD19115DAB45100E4C166 /* profile-image-placeholder@2x.png */ = {isa = PBXFileReference; lastKnownFileType = image.png; path = "profile-image-placeholder@2x.png"; sourceTree = "<group>"; };
		F8874E7515B08AD30048680F /* Prefix.pch */ = {isa = PBXFileReference; lastKnownFileType = sourcecode.c.h; path = Prefix.pch; sourceTree = SOURCE_ROOT; };
		F8874E7615B08ADB0048680F /* Info.plist */ = {isa = PBXFileReference; fileEncoding = 4; lastKnownFileType = text.plist.xml; path = Info.plist; sourceTree = SOURCE_ROOT; };
		F8874F0915B08B770048680F /* GlobalStreamViewController.m */ = {isa = PBXFileReference; fileEncoding = 4; lastKnownFileType = sourcecode.c.objc; name = GlobalStreamViewController.m; path = Classes/GlobalStreamViewController.m; sourceTree = SOURCE_ROOT; };
		F8874F0C15B08B770048680F /* AppDotNetAPIClient.m */ = {isa = PBXFileReference; fileEncoding = 4; lastKnownFileType = sourcecode.c.objc; name = AppDotNetAPIClient.m; path = Classes/AppDotNetAPIClient.m; sourceTree = SOURCE_ROOT; };
		F8874F0D15B08B770048680F /* AppDotNetIncrementalStore.m */ = {isa = PBXFileReference; fileEncoding = 4; lastKnownFileType = sourcecode.c.objc; name = AppDotNetIncrementalStore.m; path = Classes/AppDotNetIncrementalStore.m; sourceTree = SOURCE_ROOT; };
		F8874F1015B08B770048680F /* GlobalStreamViewController.h */ = {isa = PBXFileReference; fileEncoding = 4; lastKnownFileType = sourcecode.c.h; name = GlobalStreamViewController.h; path = Classes/GlobalStreamViewController.h; sourceTree = SOURCE_ROOT; };
		F8874F1215B08B770048680F /* AppDotNetAPIClient.h */ = {isa = PBXFileReference; fileEncoding = 4; lastKnownFileType = sourcecode.c.h; name = AppDotNetAPIClient.h; path = Classes/AppDotNetAPIClient.h; sourceTree = SOURCE_ROOT; };
		F8874F1315B08B770048680F /* AppDotNetIncrementalStore.h */ = {isa = PBXFileReference; fileEncoding = 4; lastKnownFileType = sourcecode.c.h; name = AppDotNetIncrementalStore.h; path = Classes/AppDotNetIncrementalStore.h; sourceTree = SOURCE_ROOT; };
		F8874F1B15B08BD30048680F /* AppDelegate.m */ = {isa = PBXFileReference; lastKnownFileType = sourcecode.c.objc; path = AppDelegate.m; sourceTree = SOURCE_ROOT; };
		F8874F1C15B08BD30048680F /* AppDelegate.h */ = {isa = PBXFileReference; lastKnownFileType = sourcecode.c.h; path = AppDelegate.h; sourceTree = SOURCE_ROOT; };
		F8874F1E15B08C2A0048680F /* main.m */ = {isa = PBXFileReference; fileEncoding = 4; lastKnownFileType = sourcecode.c.objc; path = main.m; sourceTree = SOURCE_ROOT; };
		F8874F2215B08CA80048680F /* AppDotNet.xcdatamodel */ = {isa = PBXFileReference; lastKnownFileType = wrapper.xcdatamodel; path = AppDotNet.xcdatamodel; sourceTree = "<group>"; };
		F89CAE90168CF118006EDF5A /* Default-568h@2x.png */ = {isa = PBXFileReference; lastKnownFileType = image.png; path = "Default-568h@2x.png"; sourceTree = "<group>"; };
		F8AD92C315D9A0B400402FE9 /* AFHTTPClient.h */ = {isa = PBXFileReference; fileEncoding = 4; lastKnownFileType = sourcecode.c.h; path = AFHTTPClient.h; sourceTree = "<group>"; };
		F8AD92C415D9A0B400402FE9 /* AFHTTPClient.m */ = {isa = PBXFileReference; fileEncoding = 4; lastKnownFileType = sourcecode.c.objc; path = AFHTTPClient.m; sourceTree = "<group>"; };
		F8AD92C515D9A0B400402FE9 /* AFHTTPRequestOperation.h */ = {isa = PBXFileReference; fileEncoding = 4; lastKnownFileType = sourcecode.c.h; path = AFHTTPRequestOperation.h; sourceTree = "<group>"; };
		F8AD92C615D9A0B400402FE9 /* AFHTTPRequestOperation.m */ = {isa = PBXFileReference; fileEncoding = 4; lastKnownFileType = sourcecode.c.objc; path = AFHTTPRequestOperation.m; sourceTree = "<group>"; };
		F8AD92C715D9A0B400402FE9 /* AFImageRequestOperation.h */ = {isa = PBXFileReference; fileEncoding = 4; lastKnownFileType = sourcecode.c.h; path = AFImageRequestOperation.h; sourceTree = "<group>"; };
		F8AD92C815D9A0B400402FE9 /* AFImageRequestOperation.m */ = {isa = PBXFileReference; fileEncoding = 4; lastKnownFileType = sourcecode.c.objc; path = AFImageRequestOperation.m; sourceTree = "<group>"; };
		F8AD92C915D9A0B400402FE9 /* AFJSONRequestOperation.h */ = {isa = PBXFileReference; fileEncoding = 4; lastKnownFileType = sourcecode.c.h; path = AFJSONRequestOperation.h; sourceTree = "<group>"; };
		F8AD92CA15D9A0B400402FE9 /* AFJSONRequestOperation.m */ = {isa = PBXFileReference; fileEncoding = 4; lastKnownFileType = sourcecode.c.objc; path = AFJSONRequestOperation.m; sourceTree = "<group>"; };
		F8AD92CF15D9A0B400402FE9 /* AFNetworking.h */ = {isa = PBXFileReference; fileEncoding = 4; lastKnownFileType = sourcecode.c.h; path = AFNetworking.h; sourceTree = "<group>"; };
		F8AD92D015D9A0B400402FE9 /* AFPropertyListRequestOperation.h */ = {isa = PBXFileReference; fileEncoding = 4; lastKnownFileType = sourcecode.c.h; path = AFPropertyListRequestOperation.h; sourceTree = "<group>"; };
		F8AD92D115D9A0B400402FE9 /* AFPropertyListRequestOperation.m */ = {isa = PBXFileReference; fileEncoding = 4; lastKnownFileType = sourcecode.c.objc; path = AFPropertyListRequestOperation.m; sourceTree = "<group>"; };
		F8AD92D215D9A0B400402FE9 /* AFURLConnectionOperation.h */ = {isa = PBXFileReference; fileEncoding = 4; lastKnownFileType = sourcecode.c.h; path = AFURLConnectionOperation.h; sourceTree = "<group>"; };
		F8AD92D315D9A0B400402FE9 /* AFURLConnectionOperation.m */ = {isa = PBXFileReference; fileEncoding = 4; lastKnownFileType = sourcecode.c.objc; path = AFURLConnectionOperation.m; sourceTree = "<group>"; };
		F8AD92D415D9A0B400402FE9 /* AFXMLRequestOperation.h */ = {isa = PBXFileReference; fileEncoding = 4; lastKnownFileType = sourcecode.c.h; path = AFXMLRequestOperation.h; sourceTree = "<group>"; };
		F8AD92D515D9A0B400402FE9 /* AFXMLRequestOperation.m */ = {isa = PBXFileReference; fileEncoding = 4; lastKnownFileType = sourcecode.c.objc; path = AFXMLRequestOperation.m; sourceTree = "<group>"; };
		F8AD92E315D9A0BB00402FE9 /* AFIncrementalStore.h */ = {isa = PBXFileReference; fileEncoding = 4; lastKnownFileType = sourcecode.c.h; path = AFIncrementalStore.h; sourceTree = "<group>"; };
		F8AD92E415D9A0BB00402FE9 /* AFIncrementalStore.m */ = {isa = PBXFileReference; fileEncoding = 4; lastKnownFileType = sourcecode.c.objc; path = AFIncrementalStore.m; sourceTree = "<group>"; };
		F8AD92E515D9A0BB00402FE9 /* AFRESTClient.h */ = {isa = PBXFileReference; fileEncoding = 4; lastKnownFileType = sourcecode.c.h; path = AFRESTClient.h; sourceTree = "<group>"; };
		F8AD92E615D9A0BB00402FE9 /* AFRESTClient.m */ = {isa = PBXFileReference; fileEncoding = 4; lastKnownFileType = sourcecode.c.objc; path = AFRESTClient.m; sourceTree = "<group>"; };
		F8AD92F615D9A2DB00402FE9 /* Post.h */ = {isa = PBXFileReference; fileEncoding = 4; lastKnownFileType = sourcecode.c.h; name = Post.h; path = Classes/Post.h; sourceTree = SOURCE_ROOT; };
		F8AD92F715D9A2DB00402FE9 /* Post.m */ = {isa = PBXFileReference; fileEncoding = 4; lastKnownFileType = sourcecode.c.objc; name = Post.m; path = Classes/Post.m; sourceTree = SOURCE_ROOT; };
		F8AD92F915D9A2E500402FE9 /* User.h */ = {isa = PBXFileReference; fileEncoding = 4; lastKnownFileType = sourcecode.c.h; name = User.h; path = Classes/User.h; sourceTree = SOURCE_ROOT; };
		F8AD92FA15D9A2E500402FE9 /* User.m */ = {isa = PBXFileReference; fileEncoding = 4; lastKnownFileType = sourcecode.c.objc; name = User.m; path = Classes/User.m; sourceTree = SOURCE_ROOT; };
		F8AFAFAD15AB4F28003FE5BB /* App.net.app */ = {isa = PBXFileReference; explicitFileType = wrapper.application; includeInIndex = 0; path = App.net.app; sourceTree = BUILT_PRODUCTS_DIR; };
		F8AFAFB115AB4F28003FE5BB /* UIKit.framework */ = {isa = PBXFileReference; lastKnownFileType = wrapper.framework; name = UIKit.framework; path = System/Library/Frameworks/UIKit.framework; sourceTree = SDKROOT; };
		F8AFAFB315AB4F28003FE5BB /* Foundation.framework */ = {isa = PBXFileReference; lastKnownFileType = wrapper.framework; name = Foundation.framework; path = System/Library/Frameworks/Foundation.framework; sourceTree = SDKROOT; };
		F8AFAFB515AB4F28003FE5BB /* CoreGraphics.framework */ = {isa = PBXFileReference; lastKnownFileType = wrapper.framework; name = CoreGraphics.framework; path = System/Library/Frameworks/CoreGraphics.framework; sourceTree = SDKROOT; };
		F8AFAFB715AB4F28003FE5BB /* CoreData.framework */ = {isa = PBXFileReference; lastKnownFileType = wrapper.framework; name = CoreData.framework; path = System/Library/Frameworks/CoreData.framework; sourceTree = SDKROOT; };
		F8B6873316F29811001909E6 /* MobileCoreServices.framework */ = {isa = PBXFileReference; lastKnownFileType = wrapper.framework; name = MobileCoreServices.framework; path = System/Library/Frameworks/MobileCoreServices.framework; sourceTree = SDKROOT; };
		F8B6873516F2981B001909E6 /* SystemConfiguration.framework */ = {isa = PBXFileReference; lastKnownFileType = wrapper.framework; name = SystemConfiguration.framework; path = System/Library/Frameworks/SystemConfiguration.framework; sourceTree = SDKROOT; };
		F8F82410173893D400ED7E21 /* TTTDateTransformers.h */ = {isa = PBXFileReference; fileEncoding = 4; lastKnownFileType = sourcecode.c.h; path = TTTDateTransformers.h; sourceTree = "<group>"; };
		F8F82411173893D400ED7E21 /* TTTImageTransformers.h */ = {isa = PBXFileReference; fileEncoding = 4; lastKnownFileType = sourcecode.c.h; path = TTTImageTransformers.h; sourceTree = "<group>"; };
		F8F82412173893D400ED7E21 /* TTTStringTransformers.h */ = {isa = PBXFileReference; fileEncoding = 4; lastKnownFileType = sourcecode.c.h; path = TTTStringTransformers.h; sourceTree = "<group>"; };
		F8F82413173893D400ED7E21 /* TTTDateTransformers.m */ = {isa = PBXFileReference; fileEncoding = 4; lastKnownFileType = sourcecode.c.objc; path = TTTDateTransformers.m; sourceTree = "<group>"; };
		F8F82414173893D400ED7E21 /* TTTImageTransformers.m */ = {isa = PBXFileReference; fileEncoding = 4; lastKnownFileType = sourcecode.c.objc; path = TTTImageTransformers.m; sourceTree = "<group>"; };
		F8F82415173893D400ED7E21 /* TTTStringTransformers.m */ = {isa = PBXFileReference; fileEncoding = 4; lastKnownFileType = sourcecode.c.objc; path = TTTStringTransformers.m; sourceTree = "<group>"; };
/* End PBXFileReference section */

/* Begin PBXFrameworksBuildPhase section */
		F8AFAFAA15AB4F28003FE5BB /* Frameworks */ = {
			isa = PBXFrameworksBuildPhase;
			buildActionMask = 2147483647;
			files = (
				BD1979B217CFA13800958CDC /* Security.framework in Frameworks */,
				BD1979B017CFA13100958CDC /* CFNetwork.framework in Frameworks */,
				F8B6873616F2981B001909E6 /* SystemConfiguration.framework in Frameworks */,
				F8B6873416F29811001909E6 /* MobileCoreServices.framework in Frameworks */,
				F8AFAFB215AB4F28003FE5BB /* UIKit.framework in Frameworks */,
				F8AFAFB415AB4F28003FE5BB /* Foundation.framework in Frameworks */,
				F8AFAFB615AB4F28003FE5BB /* CoreGraphics.framework in Frameworks */,
				F8AFAFB815AB4F28003FE5BB /* CoreData.framework in Frameworks */,
			);
			runOnlyForDeploymentPostprocessing = 0;
		};
/* End PBXFrameworksBuildPhase section */

/* Begin PBXGroup section */
		F81D902E16F3DED30043C85A /* TransformerKit */ = {
			isa = PBXGroup;
			children = (
				F81D903516F3DED30043C85A /* TransformerKit.h */,
				F81D902F16F3DED30043C85A /* NSValueTransformer+TransformerKit.h */,
				F81D903016F3DED30043C85A /* NSValueTransformer+TransformerKit.m */,
				F8F82410173893D400ED7E21 /* TTTDateTransformers.h */,
				F8F82411173893D400ED7E21 /* TTTImageTransformers.h */,
				F8F82412173893D400ED7E21 /* TTTStringTransformers.h */,
				F8F82413173893D400ED7E21 /* TTTDateTransformers.m */,
				F8F82414173893D400ED7E21 /* TTTImageTransformers.m */,
				F8F82415173893D400ED7E21 /* TTTStringTransformers.m */,
			);
			name = TransformerKit;
			path = ../../TransformerKit/TransformerKit;
			sourceTree = "<group>";
		};
		F81D904B16F3DEF00043C85A /* InflectorKit */ = {
			isa = PBXGroup;
			children = (
				F81D904C16F3DEF00043C85A /* NSString+InflectorKit.h */,
				F81D904D16F3DEF00043C85A /* NSString+InflectorKit.m */,
				F81D904E16F3DEF00043C85A /* TTTStringInflector.h */,
				F81D904F16F3DEF00043C85A /* TTTStringInflector.m */,
			);
			name = InflectorKit;
			path = ../../InflectorKit/InflectorKit;
			sourceTree = "<group>";
		};
		F87CD18A15DAB2A700E4C166 /* Views */ = {
			isa = PBXGroup;
			children = (
				F87CD18C15DAB2B200E4C166 /* PostTableViewCell.h */,
				F87CD18D15DAB2B200E4C166 /* PostTableViewCell.m */,
			);
			name = Views;
			sourceTree = "<group>";
		};
		F87CD18F15DAB45100E4C166 /* Images */ = {
			isa = PBXGroup;
			children = (
				F87CD19015DAB45100E4C166 /* profile-image-placeholder.png */,
				F87CD19115DAB45100E4C166 /* profile-image-placeholder@2x.png */,
			);
			path = Images;
			sourceTree = SOURCE_ROOT;
		};
		F87CD19415DAB45D00E4C166 /* Resources */ = {
			isa = PBXGroup;
			children = (
				F89CAE90168CF118006EDF5A /* Default-568h@2x.png */,
				F87CD18F15DAB45100E4C166 /* Images */,
			);
			name = Resources;
			sourceTree = "<group>";
		};
		F8874E5915AF927D0048680F /* Controllers */ = {
			isa = PBXGroup;
			children = (
				F8874F1015B08B770048680F /* GlobalStreamViewController.h */,
				F8874F0915B08B770048680F /* GlobalStreamViewController.m */,
			);
			name = Controllers;
			sourceTree = "<group>";
		};
		F8874E5B15AF92830048680F /* Models */ = {
			isa = PBXGroup;
			children = (
				F8874F2115B08CA80048680F /* AppDotNet.xcdatamodeld */,
				F8AD92F615D9A2DB00402FE9 /* Post.h */,
				F8AD92F715D9A2DB00402FE9 /* Post.m */,
				F8AD92F915D9A2E500402FE9 /* User.h */,
				F8AD92FA15D9A2E500402FE9 /* User.m */,
			);
			name = Models;
			sourceTree = "<group>";
		};
		F8AD92C215D9A0B400402FE9 /* AFNetworking */ = {
			isa = PBXGroup;
			children = (
				BD19797817CF988400958CDC /* AFEventSource.h */,
				BD19797917CF988400958CDC /* AFEventSource.m */,
				BD19797A17CF988400958CDC /* AFHTTPClient+Rocket.h */,
				BD19797B17CF988400958CDC /* AFHTTPClient+Rocket.m */,
				BD19797C17CF988400958CDC /* AFJSONPatchSerializer.h */,
				BD19797D17CF988400958CDC /* AFJSONPatchSerializer.m */,
				BD19797E17CF988400958CDC /* AFSerialization.h */,
				BD19797F17CF988400958CDC /* AFSerialization.m */,
				BD19798017CF988400958CDC /* AFURLSessionManager.h */,
				BD19798117CF988400958CDC /* AFURLSessionManager.m */,
				BD19796617CF985D00958CDC /* AFNetworkActivityIndicatorManager.h */,
				BD19796717CF985D00958CDC /* AFNetworkActivityIndicatorManager.m */,
				BD19796817CF985D00958CDC /* UIActivityIndicatorView+AFNetworking.h */,
				BD19796917CF985D00958CDC /* UIActivityIndicatorView+AFNetworking.m */,
				BD19796A17CF985D00958CDC /* UIButton+AFNetworking.h */,
				BD19796B17CF985D00958CDC /* UIButton+AFNetworking.m */,
				BD19796C17CF985D00958CDC /* UIImageView+AFNetworking.h */,
				BD19796D17CF985D00958CDC /* UIImageView+AFNetworking.m */,
				BD19796E17CF985D00958CDC /* UIProgressView+AFNetworking.h */,
				BD19796F17CF985D00958CDC /* UIProgressView+AFNetworking.m */,
				BD19797017CF985D00958CDC /* UIWebView+AFNetworking.h */,
				BD19797117CF985D00958CDC /* UIWebView+AFNetworking.m */,
				F8AD92C315D9A0B400402FE9 /* AFHTTPClient.h */,
				F8AD92C415D9A0B400402FE9 /* AFHTTPClient.m */,
				F8AD92C515D9A0B400402FE9 /* AFHTTPRequestOperation.h */,
				F8AD92C615D9A0B400402FE9 /* AFHTTPRequestOperation.m */,
				F8AD92C715D9A0B400402FE9 /* AFImageRequestOperation.h */,
				F8AD92C815D9A0B400402FE9 /* AFImageRequestOperation.m */,
				F8AD92C915D9A0B400402FE9 /* AFJSONRequestOperation.h */,
				F8AD92CA15D9A0B400402FE9 /* AFJSONRequestOperation.m */,
				F8AD92CF15D9A0B400402FE9 /* AFNetworking.h */,
				F8AD92D015D9A0B400402FE9 /* AFPropertyListRequestOperation.h */,
				F8AD92D115D9A0B400402FE9 /* AFPropertyListRequestOperation.m */,
				F8AD92D215D9A0B400402FE9 /* AFURLConnectionOperation.h */,
				F8AD92D315D9A0B400402FE9 /* AFURLConnectionOperation.m */,
				F8AD92D415D9A0B400402FE9 /* AFXMLRequestOperation.h */,
				F8AD92D515D9A0B400402FE9 /* AFXMLRequestOperation.m */,
			);
			name = AFNetworking;
			path = ../../AFNetworking/AFNetworking;
			sourceTree = "<group>";
		};
		F8AD92E215D9A0BB00402FE9 /* AFIncrementalStore */ = {
			isa = PBXGroup;
			children = (
				F8AD92E315D9A0BB00402FE9 /* AFIncrementalStore.h */,
				F8AD92E415D9A0BB00402FE9 /* AFIncrementalStore.m */,
				F8AD92E515D9A0BB00402FE9 /* AFRESTClient.h */,
				F8AD92E615D9A0BB00402FE9 /* AFRESTClient.m */,
			);
			name = AFIncrementalStore;
			path = ../../AFIncrementalStore;
			sourceTree = "<group>";
		};
		F8AFAFA215AB4F28003FE5BB = {
			isa = PBXGroup;
			children = (
				F8AFAFB915AB4F28003FE5BB /* AppDotNet */,
				F87CD19415DAB45D00E4C166 /* Resources */,
				F8AFAFB015AB4F28003FE5BB /* Frameworks */,
				F8AFAFAE15AB4F28003FE5BB /* Products */,
				F8AFB07215AB5010003FE5BB /* Vendor */,
			);
			sourceTree = "<group>";
		};
		F8AFAFAE15AB4F28003FE5BB /* Products */ = {
			isa = PBXGroup;
			children = (
				F8AFAFAD15AB4F28003FE5BB /* App.net.app */,
			);
			name = Products;
			sourceTree = "<group>";
		};
		F8AFAFB015AB4F28003FE5BB /* Frameworks */ = {
			isa = PBXGroup;
			children = (
				BD1979B117CFA13800958CDC /* Security.framework */,
				BD1979AF17CFA13100958CDC /* CFNetwork.framework */,
				F8B6873516F2981B001909E6 /* SystemConfiguration.framework */,
				F8B6873316F29811001909E6 /* MobileCoreServices.framework */,
				F8AFAFB115AB4F28003FE5BB /* UIKit.framework */,
				F8AFAFB315AB4F28003FE5BB /* Foundation.framework */,
				F8AFAFB515AB4F28003FE5BB /* CoreGraphics.framework */,
				F8AFAFB715AB4F28003FE5BB /* CoreData.framework */,
			);
			name = Frameworks;
			sourceTree = "<group>";
		};
		F8AFAFB915AB4F28003FE5BB /* AppDotNet */ = {
			isa = PBXGroup;
			children = (
				F8874F1C15B08BD30048680F /* AppDelegate.h */,
				F8874F1B15B08BD30048680F /* AppDelegate.m */,
				F8874F1215B08B770048680F /* AppDotNetAPIClient.h */,
				F8874F0C15B08B770048680F /* AppDotNetAPIClient.m */,
				F8874F1315B08B770048680F /* AppDotNetIncrementalStore.h */,
				F8874F0D15B08B770048680F /* AppDotNetIncrementalStore.m */,
				F8874E5B15AF92830048680F /* Models */,
				F87CD18A15DAB2A700E4C166 /* Views */,
				F8874E5915AF927D0048680F /* Controllers */,
				F8AFAFBA15AB4F28003FE5BB /* Supporting Files */,
			);
			name = AppDotNet;
			path = IncrementalStoreExample;
			sourceTree = "<group>";
		};
		F8AFAFBA15AB4F28003FE5BB /* Supporting Files */ = {
			isa = PBXGroup;
			children = (
				F8874E7515B08AD30048680F /* Prefix.pch */,
				F8874E7615B08ADB0048680F /* Info.plist */,
				F8874F1E15B08C2A0048680F /* main.m */,
			);
			name = "Supporting Files";
			sourceTree = "<group>";
		};
		F8AFB07215AB5010003FE5BB /* Vendor */ = {
			isa = PBXGroup;
			children = (
				F8AD92E215D9A0BB00402FE9 /* AFIncrementalStore */,
				F8AD92C215D9A0B400402FE9 /* AFNetworking */,
				F81D904B16F3DEF00043C85A /* InflectorKit */,
				F81D902E16F3DED30043C85A /* TransformerKit */,
			);
			name = Vendor;
			sourceTree = "<group>";
		};
/* End PBXGroup section */

/* Begin PBXNativeTarget section */
		F8AFAFAC15AB4F28003FE5BB /* App.net */ = {
			isa = PBXNativeTarget;
			buildConfigurationList = F8AFAFCA15AB4F28003FE5BB /* Build configuration list for PBXNativeTarget "App.net" */;
			buildPhases = (
				F8AFAFA915AB4F28003FE5BB /* Sources */,
				F8AFAFAA15AB4F28003FE5BB /* Frameworks */,
				F8AFAFAB15AB4F28003FE5BB /* Resources */,
			);
			buildRules = (
			);
			dependencies = (
			);
			name = App.net;
			productName = IncrementalStoreExample;
			productReference = F8AFAFAD15AB4F28003FE5BB /* App.net.app */;
			productType = "com.apple.product-type.application";
		};
/* End PBXNativeTarget section */

/* Begin PBXProject section */
		F8AFAFA415AB4F28003FE5BB /* Project object */ = {
			isa = PBXProject;
			attributes = {
				CLASSPREFIX = AF;
				LastUpgradeCheck = 0460;
			};
			buildConfigurationList = F8AFAFA715AB4F28003FE5BB /* Build configuration list for PBXProject "Activity Stream Example" */;
			compatibilityVersion = "Xcode 3.2";
			developmentRegion = English;
			hasScannedForEncodings = 0;
			knownRegions = (
				en,
			);
			mainGroup = F8AFAFA215AB4F28003FE5BB;
			productRefGroup = F8AFAFAE15AB4F28003FE5BB /* Products */;
			projectDirPath = "";
			projectRoot = "";
			targets = (
				F8AFAFAC15AB4F28003FE5BB /* App.net */,
			);
		};
/* End PBXProject section */

/* Begin PBXResourcesBuildPhase section */
		F8AFAFAB15AB4F28003FE5BB /* Resources */ = {
			isa = PBXResourcesBuildPhase;
			buildActionMask = 2147483647;
			files = (
				F87CD19215DAB45100E4C166 /* profile-image-placeholder.png in Resources */,
				F87CD19315DAB45100E4C166 /* profile-image-placeholder@2x.png in Resources */,
				F89CAE91168CF118006EDF5A /* Default-568h@2x.png in Resources */,
			);
			runOnlyForDeploymentPostprocessing = 0;
		};
/* End PBXResourcesBuildPhase section */

/* Begin PBXSourcesBuildPhase section */
		F8AFAFA915AB4F28003FE5BB /* Sources */ = {
			isa = PBXSourcesBuildPhase;
			buildActionMask = 2147483647;
			files = (
				F8478A69162729B80026615F /* AppDotNet.xcdatamodeld in Sources */,
				F8874F1615B08B770048680F /* GlobalStreamViewController.m in Sources */,
				BD19797717CF985E00958CDC /* UIWebView+AFNetworking.m in Sources */,
				BD19797417CF985E00958CDC /* UIButton+AFNetworking.m in Sources */,
				F8874F1915B08B770048680F /* AppDotNetAPIClient.m in Sources */,
				F8874F1A15B08B770048680F /* AppDotNetIncrementalStore.m in Sources */,
				F8874F2015B08C4B0048680F /* AppDelegate.m in Sources */,
				F8874F1F15B08C2A0048680F /* main.m in Sources */,
				F8AD92D815D9A0B400402FE9 /* AFHTTPClient.m in Sources */,
				BD19798417CF988400958CDC /* AFJSONPatchSerializer.m in Sources */,
				BD19798617CF988400958CDC /* AFURLSessionManager.m in Sources */,
				BD19798317CF988400958CDC /* AFHTTPClient+Rocket.m in Sources */,
				F8AD92D915D9A0B400402FE9 /* AFHTTPRequestOperation.m in Sources */,
				F8AD92DA15D9A0B400402FE9 /* AFImageRequestOperation.m in Sources */,
				F8AD92DB15D9A0B400402FE9 /* AFJSONRequestOperation.m in Sources */,
				BD19798217CF988400958CDC /* AFEventSource.m in Sources */,
				BD19797617CF985E00958CDC /* UIProgressView+AFNetworking.m in Sources */,
				F8AD92DE15D9A0B400402FE9 /* AFPropertyListRequestOperation.m in Sources */,
				BD19798517CF988400958CDC /* AFSerialization.m in Sources */,
				F8AD92DF15D9A0B400402FE9 /* AFURLConnectionOperation.m in Sources */,
				BD19797317CF985E00958CDC /* UIActivityIndicatorView+AFNetworking.m in Sources */,
				F8AD92E015D9A0B400402FE9 /* AFXMLRequestOperation.m in Sources */,
				F8AD92E715D9A0BB00402FE9 /* AFIncrementalStore.m in Sources */,
				F8AD92E815D9A0BB00402FE9 /* AFRESTClient.m in Sources */,
				F8AD92F815D9A2DB00402FE9 /* Post.m in Sources */,
				F8AD92FB15D9A2E500402FE9 /* User.m in Sources */,
				BD19797517CF985E00958CDC /* UIImageView+AFNetworking.m in Sources */,
				F87CD18E15DAB2B200E4C166 /* PostTableViewCell.m in Sources */,
				F81D903616F3DED30043C85A /* NSValueTransformer+TransformerKit.m in Sources */,
				F81D905016F3DEF00043C85A /* NSString+InflectorKit.m in Sources */,
				F81D905116F3DEF00043C85A /* TTTStringInflector.m in Sources */,
				F8F82416173893D400ED7E21 /* TTTDateTransformers.m in Sources */,
				F8F82417173893D400ED7E21 /* TTTImageTransformers.m in Sources */,
				F8F82418173893D400ED7E21 /* TTTStringTransformers.m in Sources */,
				BD19797217CF985E00958CDC /* AFNetworkActivityIndicatorManager.m in Sources */,
			);
			runOnlyForDeploymentPostprocessing = 0;
		};
/* End PBXSourcesBuildPhase section */

/* Begin XCBuildConfiguration section */
		F8AFAFC815AB4F28003FE5BB /* Debug */ = {
			isa = XCBuildConfiguration;
			buildSettings = {
				ALWAYS_SEARCH_USER_PATHS = NO;
				ARCHS = "$(ARCHS_STANDARD_32_BIT)";
				CLANG_ENABLE_OBJC_ARC = YES;
				CLANG_WARN_CONSTANT_CONVERSION = YES;
				CLANG_WARN_ENUM_CONVERSION = YES;
				CLANG_WARN_INT_CONVERSION = YES;
				CLANG_WARN__DUPLICATE_METHOD_MATCH = YES;
				"CODE_SIGN_IDENTITY[sdk=iphoneos*]" = "iPhone Developer";
				COPY_PHASE_STRIP = NO;
				GCC_C_LANGUAGE_STANDARD = gnu99;
				GCC_DYNAMIC_NO_PIC = NO;
				GCC_OPTIMIZATION_LEVEL = 0;
				GCC_PREPROCESSOR_DEFINITIONS = (
					"DEBUG=1",
					"$(inherited)",
				);
				GCC_SYMBOLS_PRIVATE_EXTERN = NO;
				GCC_VERSION = com.apple.compilers.llvm.clang.1_0;
				GCC_WARN_ABOUT_RETURN_TYPE = YES;
				GCC_WARN_UNINITIALIZED_AUTOS = YES;
				GCC_WARN_UNUSED_VARIABLE = YES;
				IPHONEOS_DEPLOYMENT_TARGET = 5.1;
				SDKROOT = iphoneos;
			};
			name = Debug;
		};
		F8AFAFC915AB4F28003FE5BB /* Release */ = {
			isa = XCBuildConfiguration;
			buildSettings = {
				ALWAYS_SEARCH_USER_PATHS = NO;
				ARCHS = "$(ARCHS_STANDARD_32_BIT)";
				CLANG_ENABLE_OBJC_ARC = YES;
				CLANG_WARN_CONSTANT_CONVERSION = YES;
				CLANG_WARN_ENUM_CONVERSION = YES;
				CLANG_WARN_INT_CONVERSION = YES;
				CLANG_WARN__DUPLICATE_METHOD_MATCH = YES;
				"CODE_SIGN_IDENTITY[sdk=iphoneos*]" = "iPhone Developer";
				COPY_PHASE_STRIP = YES;
				GCC_C_LANGUAGE_STANDARD = gnu99;
				GCC_VERSION = com.apple.compilers.llvm.clang.1_0;
				GCC_WARN_ABOUT_RETURN_TYPE = YES;
				GCC_WARN_UNINITIALIZED_AUTOS = YES;
				GCC_WARN_UNUSED_VARIABLE = YES;
				IPHONEOS_DEPLOYMENT_TARGET = 5.1;
				OTHER_CFLAGS = "-DNS_BLOCK_ASSERTIONS=1";
				SDKROOT = iphoneos;
				VALIDATE_PRODUCT = YES;
			};
			name = Release;
		};
		F8AFAFCB15AB4F28003FE5BB /* Debug */ = {
			isa = XCBuildConfiguration;
			buildSettings = {
				GCC_PRECOMPILE_PREFIX_HEADER = YES;
				GCC_PREFIX_HEADER = Prefix.pch;
				INFOPLIST_FILE = Info.plist;
				IPHONEOS_DEPLOYMENT_TARGET = 7.0;
				PRODUCT_NAME = "$(TARGET_NAME)";
				WRAPPER_EXTENSION = app;
			};
			name = Debug;
		};
		F8AFAFCC15AB4F28003FE5BB /* Release */ = {
			isa = XCBuildConfiguration;
			buildSettings = {
				GCC_PRECOMPILE_PREFIX_HEADER = YES;
				GCC_PREFIX_HEADER = Prefix.pch;
				INFOPLIST_FILE = Info.plist;
				IPHONEOS_DEPLOYMENT_TARGET = 7.0;
				PRODUCT_NAME = "$(TARGET_NAME)";
				WRAPPER_EXTENSION = app;
			};
			name = Release;
		};
/* End XCBuildConfiguration section */

/* Begin XCConfigurationList section */
		F8AFAFA715AB4F28003FE5BB /* Build configuration list for PBXProject "Activity Stream Example" */ = {
			isa = XCConfigurationList;
			buildConfigurations = (
				F8AFAFC815AB4F28003FE5BB /* Debug */,
				F8AFAFC915AB4F28003FE5BB /* Release */,
			);
			defaultConfigurationIsVisible = 0;
			defaultConfigurationName = Release;
		};
		F8AFAFCA15AB4F28003FE5BB /* Build configuration list for PBXNativeTarget "App.net" */ = {
			isa = XCConfigurationList;
			buildConfigurations = (
				F8AFAFCB15AB4F28003FE5BB /* Debug */,
				F8AFAFCC15AB4F28003FE5BB /* Release */,
			);
			defaultConfigurationIsVisible = 0;
			defaultConfigurationName = Release;
		};
/* End XCConfigurationList section */

/* Begin XCVersionGroup section */
		F8874F2115B08CA80048680F /* AppDotNet.xcdatamodeld */ = {
			isa = XCVersionGroup;
			children = (
				F8874F2215B08CA80048680F /* AppDotNet.xcdatamodel */,
			);
			currentVersion = F8874F2215B08CA80048680F /* AppDotNet.xcdatamodel */;
			path = AppDotNet.xcdatamodeld;
			sourceTree = SOURCE_ROOT;
			versionGroupType = wrapper.xcdatamodel;
		};
/* End XCVersionGroup section */
	};
	rootObject = F8AFAFA415AB4F28003FE5BB /* Project object */;
}
