// !$*UTF8*$!
{
	archiveVersion = 1;
	classes = {
	};
	objectVersion = 46;
	objects = {

/* Begin PBXBuildFile section */
		BD19798717CF994C00958CDC /* Default-568h@2x.png in Resources */ = {isa = PBXBuildFile; fileRef = F889213D161E117C00D11FD2 /* Default-568h@2x.png */; };
		BD19799417CF997700958CDC /* AFNetworkActivityIndicatorManager.m in Sources */ = {isa = PBXBuildFile; fileRef = BD19798A17CF997700958CDC /* AFNetworkActivityIndicatorManager.m */; };
		BD19799517CF997700958CDC /* UIActivityIndicatorView+AFNetworking.m in Sources */ = {isa = PBXBuildFile; fileRef = BD19798C17CF997700958CDC /* UIActivityIndicatorView+AFNetworking.m */; };
		BD19799617CF997700958CDC /* UIButton+AFNetworking.m in Sources */ = {isa = PBXBuildFile; fileRef = BD19798E17CF997700958CDC /* UIButton+AFNetworking.m */; };
		BD19799717CF997700958CDC /* UIImageView+AFNetworking.m in Sources */ = {isa = PBXBuildFile; fileRef = BD19798F17CF997700958CDC /* UIImageView+AFNetworking.m */; };
		BD19799817CF997700958CDC /* UIProgressView+AFNetworking.m in Sources */ = {isa = PBXBuildFile; fileRef = BD19799117CF997700958CDC /* UIProgressView+AFNetworking.m */; };
		BD19799917CF997700958CDC /* UIWebView+AFNetworking.m in Sources */ = {isa = PBXBuildFile; fileRef = BD19799317CF997700958CDC /* UIWebView+AFNetworking.m */; };
		BD1979A417CF998C00958CDC /* AFEventSource.m in Sources */ = {isa = PBXBuildFile; fileRef = BD19799B17CF998C00958CDC /* AFEventSource.m */; };
		BD1979A517CF998C00958CDC /* AFHTTPClient+Rocket.m in Sources */ = {isa = PBXBuildFile; fileRef = BD19799D17CF998C00958CDC /* AFHTTPClient+Rocket.m */; };
		BD1979A617CF998C00958CDC /* AFJSONPatchSerializer.m in Sources */ = {isa = PBXBuildFile; fileRef = BD19799F17CF998C00958CDC /* AFJSONPatchSerializer.m */; };
		BD1979A717CF998C00958CDC /* AFSerialization.m in Sources */ = {isa = PBXBuildFile; fileRef = BD1979A117CF998C00958CDC /* AFSerialization.m */; };
		BD1979A817CF998C00958CDC /* AFURLSessionManager.m in Sources */ = {isa = PBXBuildFile; fileRef = BD1979A317CF998C00958CDC /* AFURLSessionManager.m */; };
		BD1979AA17CF9B1E00958CDC /* Security.framework in Frameworks */ = {isa = PBXBuildFile; fileRef = BD1979A917CF9B1E00958CDC /* Security.framework */; };
		BD1979AC17CF9B2900958CDC /* CFNetwork.framework in Frameworks */ = {isa = PBXBuildFile; fileRef = BD1979AB17CF9B2900958CDC /* CFNetwork.framework */; };
		BD1979AE17CF9D6800958CDC /* MobileCoreServices.framework in Frameworks */ = {isa = PBXBuildFile; fileRef = BD1979AD17CF9D6800958CDC /* MobileCoreServices.framework */; };
		F81D902B16F3DECE0043C85A /* NSValueTransformer+TransformerKit.m in Sources */ = {isa = PBXBuildFile; fileRef = F81D902516F3DECE0043C85A /* NSValueTransformer+TransformerKit.m */; };
		F81D905716F3DEF60043C85A /* NSString+InflectorKit.m in Sources */ = {isa = PBXBuildFile; fileRef = F81D905416F3DEF60043C85A /* NSString+InflectorKit.m */; };
		F81D905816F3DEF60043C85A /* TTTStringInflector.m in Sources */ = {isa = PBXBuildFile; fileRef = F81D905616F3DEF60043C85A /* TTTStringInflector.m */; };
		F8892111161E113100D11FD2 /* UIKit.framework in Frameworks */ = {isa = PBXBuildFile; fileRef = F8892110161E113100D11FD2 /* UIKit.framework */; };
		F8892113161E113100D11FD2 /* Foundation.framework in Frameworks */ = {isa = PBXBuildFile; fileRef = F8892112161E113100D11FD2 /* Foundation.framework */; };
		F8892115161E113100D11FD2 /* CoreGraphics.framework in Frameworks */ = {isa = PBXBuildFile; fileRef = F8892114161E113100D11FD2 /* CoreGraphics.framework */; };
		F8892117161E113100D11FD2 /* CoreData.framework in Frameworks */ = {isa = PBXBuildFile; fileRef = F8892116161E113100D11FD2 /* CoreData.framework */; };
		F8892149161E11CE00D11FD2 /* main.m in Sources */ = {isa = PBXBuildFile; fileRef = F8892148161E11CE00D11FD2 /* main.m */; };
		F889214B161E121500D11FD2 /* AppDelegate.m in Sources */ = {isa = PBXBuildFile; fileRef = F8892144161E119300D11FD2 /* AppDelegate.m */; };
		F8892156161E126200D11FD2 /* CheckInsViewController.m in Sources */ = {isa = PBXBuildFile; fileRef = F8892150161E126200D11FD2 /* CheckInsViewController.m */; };
		F8892157161E126200D11FD2 /* CheckIn.m in Sources */ = {isa = PBXBuildFile; fileRef = F8892153161E126200D11FD2 /* CheckIn.m */; };
		F8892158161E126200D11FD2 /* CheckInsAPIClient.m in Sources */ = {isa = PBXBuildFile; fileRef = F8892154161E126200D11FD2 /* CheckInsAPIClient.m */; };
		F8892159161E126200D11FD2 /* CheckInsIncrementalStore.m in Sources */ = {isa = PBXBuildFile; fileRef = F8892155161E126200D11FD2 /* CheckInsIncrementalStore.m */; };
		F8B77D5A161E178600A88B7F /* AFIncrementalStore.m in Sources */ = {isa = PBXBuildFile; fileRef = F8B77D57161E178600A88B7F /* AFIncrementalStore.m */; };
		F8B77D5B161E178600A88B7F /* AFRESTClient.m in Sources */ = {isa = PBXBuildFile; fileRef = F8B77D59161E178600A88B7F /* AFRESTClient.m */; };
		F8B77D70161E178D00A88B7F /* AFHTTPClient.m in Sources */ = {isa = PBXBuildFile; fileRef = F8B77D5E161E178D00A88B7F /* AFHTTPClient.m */; };
		F8B77D71161E178D00A88B7F /* AFHTTPRequestOperation.m in Sources */ = {isa = PBXBuildFile; fileRef = F8B77D60161E178D00A88B7F /* AFHTTPRequestOperation.m */; };
		F8B77D72161E178D00A88B7F /* AFImageRequestOperation.m in Sources */ = {isa = PBXBuildFile; fileRef = F8B77D62161E178D00A88B7F /* AFImageRequestOperation.m */; };
		F8B77D73161E178D00A88B7F /* AFJSONRequestOperation.m in Sources */ = {isa = PBXBuildFile; fileRef = F8B77D64161E178D00A88B7F /* AFJSONRequestOperation.m */; };
		F8B77D75161E178D00A88B7F /* AFPropertyListRequestOperation.m in Sources */ = {isa = PBXBuildFile; fileRef = F8B77D69161E178D00A88B7F /* AFPropertyListRequestOperation.m */; };
		F8B77D76161E178D00A88B7F /* AFURLConnectionOperation.m in Sources */ = {isa = PBXBuildFile; fileRef = F8B77D6B161E178D00A88B7F /* AFURLConnectionOperation.m */; };
		F8B77D77161E178D00A88B7F /* AFXMLRequestOperation.m in Sources */ = {isa = PBXBuildFile; fileRef = F8B77D6D161E178D00A88B7F /* AFXMLRequestOperation.m */; };
		F8B77D7B161E17AF00A88B7F /* CheckIns.xcdatamodeld in Sources */ = {isa = PBXBuildFile; fileRef = F8B77D79161E17AF00A88B7F /* CheckIns.xcdatamodeld */; };
		F8B77D98161E43EC00A88B7F /* SystemConfiguration.framework in Frameworks */ = {isa = PBXBuildFile; fileRef = F8B77D97161E43EC00A88B7F /* SystemConfiguration.framework */; };
		F8F8241F173893E600ED7E21 /* TTTDateTransformers.m in Sources */ = {isa = PBXBuildFile; fileRef = F8F8241C173893E600ED7E21 /* TTTDateTransformers.m */; };
		F8F82420173893E600ED7E21 /* TTTImageTransformers.m in Sources */ = {isa = PBXBuildFile; fileRef = F8F8241D173893E600ED7E21 /* TTTImageTransformers.m */; };
		F8F82421173893E600ED7E21 /* TTTStringTransformers.m in Sources */ = {isa = PBXBuildFile; fileRef = F8F8241E173893E600ED7E21 /* TTTStringTransformers.m */; };
/* End PBXBuildFile section */

/* Begin PBXFileReference section */
		BD19798817CF997700958CDC /* UIImageView+AFNetworking.h */ = {isa = PBXFileReference; fileEncoding = 4; lastKnownFileType = sourcecode.c.h; name = "UIImageView+AFNetworking.h"; path = "../UIKit+AFNetworking/UIImageView+AFNetworking.h"; sourceTree = "<group>"; };
		BD19798917CF997700958CDC /* AFNetworkActivityIndicatorManager.h */ = {isa = PBXFileReference; fileEncoding = 4; lastKnownFileType = sourcecode.c.h; name = AFNetworkActivityIndicatorManager.h; path = "../UIKit+AFNetworking/AFNetworkActivityIndicatorManager.h"; sourceTree = "<group>"; };
		BD19798A17CF997700958CDC /* AFNetworkActivityIndicatorManager.m */ = {isa = PBXFileReference; fileEncoding = 4; lastKnownFileType = sourcecode.c.objc; name = AFNetworkActivityIndicatorManager.m; path = "../UIKit+AFNetworking/AFNetworkActivityIndicatorManager.m"; sourceTree = "<group>"; };
		BD19798B17CF997700958CDC /* UIActivityIndicatorView+AFNetworking.h */ = {isa = PBXFileReference; fileEncoding = 4; lastKnownFileType = sourcecode.c.h; name = "UIActivityIndicatorView+AFNetworking.h"; path = "../UIKit+AFNetworking/UIActivityIndicatorView+AFNetworking.h"; sourceTree = "<group>"; };
		BD19798C17CF997700958CDC /* UIActivityIndicatorView+AFNetworking.m */ = {isa = PBXFileReference; fileEncoding = 4; lastKnownFileType = sourcecode.c.objc; name = "UIActivityIndicatorView+AFNetworking.m"; path = "../UIKit+AFNetworking/UIActivityIndicatorView+AFNetworking.m"; sourceTree = "<group>"; };
		BD19798D17CF997700958CDC /* UIButton+AFNetworking.h */ = {isa = PBXFileReference; fileEncoding = 4; lastKnownFileType = sourcecode.c.h; name = "UIButton+AFNetworking.h"; path = "../UIKit+AFNetworking/UIButton+AFNetworking.h"; sourceTree = "<group>"; };
		BD19798E17CF997700958CDC /* UIButton+AFNetworking.m */ = {isa = PBXFileReference; fileEncoding = 4; lastKnownFileType = sourcecode.c.objc; name = "UIButton+AFNetworking.m"; path = "../UIKit+AFNetworking/UIButton+AFNetworking.m"; sourceTree = "<group>"; };
		BD19798F17CF997700958CDC /* UIImageView+AFNetworking.m */ = {isa = PBXFileReference; fileEncoding = 4; lastKnownFileType = sourcecode.c.objc; name = "UIImageView+AFNetworking.m"; path = "../UIKit+AFNetworking/UIImageView+AFNetworking.m"; sourceTree = "<group>"; };
		BD19799017CF997700958CDC /* UIProgressView+AFNetworking.h */ = {isa = PBXFileReference; fileEncoding = 4; lastKnownFileType = sourcecode.c.h; name = "UIProgressView+AFNetworking.h"; path = "../UIKit+AFNetworking/UIProgressView+AFNetworking.h"; sourceTree = "<group>"; };
		BD19799117CF997700958CDC /* UIProgressView+AFNetworking.m */ = {isa = PBXFileReference; fileEncoding = 4; lastKnownFileType = sourcecode.c.objc; name = "UIProgressView+AFNetworking.m"; path = "../UIKit+AFNetworking/UIProgressView+AFNetworking.m"; sourceTree = "<group>"; };
		BD19799217CF997700958CDC /* UIWebView+AFNetworking.h */ = {isa = PBXFileReference; fileEncoding = 4; lastKnownFileType = sourcecode.c.h; name = "UIWebView+AFNetworking.h"; path = "../UIKit+AFNetworking/UIWebView+AFNetworking.h"; sourceTree = "<group>"; };
		BD19799317CF997700958CDC /* UIWebView+AFNetworking.m */ = {isa = PBXFileReference; fileEncoding = 4; lastKnownFileType = sourcecode.c.objc; name = "UIWebView+AFNetworking.m"; path = "../UIKit+AFNetworking/UIWebView+AFNetworking.m"; sourceTree = "<group>"; };
		BD19799A17CF998C00958CDC /* AFEventSource.h */ = {isa = PBXFileReference; fileEncoding = 4; lastKnownFileType = sourcecode.c.h; path = AFEventSource.h; sourceTree = "<group>"; };
		BD19799B17CF998C00958CDC /* AFEventSource.m */ = {isa = PBXFileReference; fileEncoding = 4; lastKnownFileType = sourcecode.c.objc; path = AFEventSource.m; sourceTree = "<group>"; };
		BD19799C17CF998C00958CDC /* AFHTTPClient+Rocket.h */ = {isa = PBXFileReference; fileEncoding = 4; lastKnownFileType = sourcecode.c.h; path = "AFHTTPClient+Rocket.h"; sourceTree = "<group>"; };
		BD19799D17CF998C00958CDC /* AFHTTPClient+Rocket.m */ = {isa = PBXFileReference; fileEncoding = 4; lastKnownFileType = sourcecode.c.objc; path = "AFHTTPClient+Rocket.m"; sourceTree = "<group>"; };
		BD19799E17CF998C00958CDC /* AFJSONPatchSerializer.h */ = {isa = PBXFileReference; fileEncoding = 4; lastKnownFileType = sourcecode.c.h; path = AFJSONPatchSerializer.h; sourceTree = "<group>"; };
		BD19799F17CF998C00958CDC /* AFJSONPatchSerializer.m */ = {isa = PBXFileReference; fileEncoding = 4; lastKnownFileType = sourcecode.c.objc; path = AFJSONPatchSerializer.m; sourceTree = "<group>"; };
		BD1979A017CF998C00958CDC /* AFSerialization.h */ = {isa = PBXFileReference; fileEncoding = 4; lastKnownFileType = sourcecode.c.h; path = AFSerialization.h; sourceTree = "<group>"; };
		BD1979A117CF998C00958CDC /* AFSerialization.m */ = {isa = PBXFileReference; fileEncoding = 4; lastKnownFileType = sourcecode.c.objc; path = AFSerialization.m; sourceTree = "<group>"; };
		BD1979A217CF998C00958CDC /* AFURLSessionManager.h */ = {isa = PBXFileReference; fileEncoding = 4; lastKnownFileType = sourcecode.c.h; path = AFURLSessionManager.h; sourceTree = "<group>"; };
		BD1979A317CF998C00958CDC /* AFURLSessionManager.m */ = {isa = PBXFileReference; fileEncoding = 4; lastKnownFileType = sourcecode.c.objc; path = AFURLSessionManager.m; sourceTree = "<group>"; };
		BD1979A917CF9B1E00958CDC /* Security.framework */ = {isa = PBXFileReference; lastKnownFileType = wrapper.framework; name = Security.framework; path = System/Library/Frameworks/Security.framework; sourceTree = SDKROOT; };
		BD1979AB17CF9B2900958CDC /* CFNetwork.framework */ = {isa = PBXFileReference; lastKnownFileType = wrapper.framework; name = CFNetwork.framework; path = System/Library/Frameworks/CFNetwork.framework; sourceTree = SDKROOT; };
		BD1979AD17CF9D6800958CDC /* MobileCoreServices.framework */ = {isa = PBXFileReference; lastKnownFileType = wrapper.framework; name = MobileCoreServices.framework; path = System/Library/Frameworks/MobileCoreServices.framework; sourceTree = SDKROOT; };
		F81D902416F3DECE0043C85A /* NSValueTransformer+TransformerKit.h */ = {isa = PBXFileReference; fileEncoding = 4; lastKnownFileType = sourcecode.c.h; path = "NSValueTransformer+TransformerKit.h"; sourceTree = "<group>"; };
		F81D902516F3DECE0043C85A /* NSValueTransformer+TransformerKit.m */ = {isa = PBXFileReference; fileEncoding = 4; lastKnownFileType = sourcecode.c.objc; path = "NSValueTransformer+TransformerKit.m"; sourceTree = "<group>"; };
		F81D902A16F3DECE0043C85A /* TransformerKit.h */ = {isa = PBXFileReference; fileEncoding = 4; lastKnownFileType = sourcecode.c.h; path = TransformerKit.h; sourceTree = "<group>"; };
		F81D905316F3DEF60043C85A /* NSString+InflectorKit.h */ = {isa = PBXFileReference; fileEncoding = 4; lastKnownFileType = sourcecode.c.h; path = "NSString+InflectorKit.h"; sourceTree = "<group>"; };
		F81D905416F3DEF60043C85A /* NSString+InflectorKit.m */ = {isa = PBXFileReference; fileEncoding = 4; lastKnownFileType = sourcecode.c.objc; path = "NSString+InflectorKit.m"; sourceTree = "<group>"; };
		F81D905516F3DEF60043C85A /* TTTStringInflector.h */ = {isa = PBXFileReference; fileEncoding = 4; lastKnownFileType = sourcecode.c.h; path = TTTStringInflector.h; sourceTree = "<group>"; };
		F81D905616F3DEF60043C85A /* TTTStringInflector.m */ = {isa = PBXFileReference; fileEncoding = 4; lastKnownFileType = sourcecode.c.objc; path = TTTStringInflector.m; sourceTree = "<group>"; };
		F889210C161E113100D11FD2 /* CheckIns Example.app */ = {isa = PBXFileReference; explicitFileType = wrapper.application; includeInIndex = 0; path = "CheckIns Example.app"; sourceTree = BUILT_PRODUCTS_DIR; };
		F8892110161E113100D11FD2 /* UIKit.framework */ = {isa = PBXFileReference; lastKnownFileType = wrapper.framework; name = UIKit.framework; path = System/Library/Frameworks/UIKit.framework; sourceTree = SDKROOT; };
		F8892112161E113100D11FD2 /* Foundation.framework */ = {isa = PBXFileReference; lastKnownFileType = wrapper.framework; name = Foundation.framework; path = System/Library/Frameworks/Foundation.framework; sourceTree = SDKROOT; };
		F8892114161E113100D11FD2 /* CoreGraphics.framework */ = {isa = PBXFileReference; lastKnownFileType = wrapper.framework; name = CoreGraphics.framework; path = System/Library/Frameworks/CoreGraphics.framework; sourceTree = SDKROOT; };
		F8892116161E113100D11FD2 /* CoreData.framework */ = {isa = PBXFileReference; lastKnownFileType = wrapper.framework; name = CoreData.framework; path = System/Library/Frameworks/CoreData.framework; sourceTree = SDKROOT; };
		F889213B161E117C00D11FD2 /* Prefix.pch */ = {isa = PBXFileReference; lastKnownFileType = sourcecode.c.h; path = Prefix.pch; sourceTree = SOURCE_ROOT; };
		F889213D161E117C00D11FD2 /* Default-568h@2x.png */ = {isa = PBXFileReference; lastKnownFileType = image.png; path = "Default-568h@2x.png"; sourceTree = SOURCE_ROOT; };
		F889213E161E117C00D11FD2 /* Default.png */ = {isa = PBXFileReference; lastKnownFileType = image.png; path = Default.png; sourceTree = SOURCE_ROOT; };
		F889213F161E117C00D11FD2 /* Default@2x.png */ = {isa = PBXFileReference; lastKnownFileType = image.png; path = "Default@2x.png"; sourceTree = SOURCE_ROOT; };
		F8892140161E117C00D11FD2 /* Info.plist */ = {isa = PBXFileReference; lastKnownFileType = text.plist.xml; path = Info.plist; sourceTree = SOURCE_ROOT; };
		F8892143161E119300D11FD2 /* AppDelegate.h */ = {isa = PBXFileReference; fileEncoding = 4; lastKnownFileType = sourcecode.c.h; path = AppDelegate.h; sourceTree = SOURCE_ROOT; };
		F8892144161E119300D11FD2 /* AppDelegate.m */ = {isa = PBXFileReference; fileEncoding = 4; lastKnownFileType = sourcecode.c.objc; path = AppDelegate.m; sourceTree = SOURCE_ROOT; };
		F8892148161E11CE00D11FD2 /* main.m */ = {isa = PBXFileReference; fileEncoding = 4; lastKnownFileType = sourcecode.c.objc; path = main.m; sourceTree = SOURCE_ROOT; };
		F889214C161E126200D11FD2 /* CheckInsAPIClient.h */ = {isa = PBXFileReference; fileEncoding = 4; lastKnownFileType = sourcecode.c.h; name = CheckInsAPIClient.h; path = Classes/CheckInsAPIClient.h; sourceTree = SOURCE_ROOT; };
		F889214D161E126200D11FD2 /* CheckInsIncrementalStore.h */ = {isa = PBXFileReference; fileEncoding = 4; lastKnownFileType = sourcecode.c.h; name = CheckInsIncrementalStore.h; path = Classes/CheckInsIncrementalStore.h; sourceTree = SOURCE_ROOT; };
		F889214F161E126200D11FD2 /* CheckInsViewController.h */ = {isa = PBXFileReference; fileEncoding = 4; lastKnownFileType = sourcecode.c.h; path = CheckInsViewController.h; sourceTree = "<group>"; };
		F8892150161E126200D11FD2 /* CheckInsViewController.m */ = {isa = PBXFileReference; fileEncoding = 4; lastKnownFileType = sourcecode.c.objc; path = CheckInsViewController.m; sourceTree = "<group>"; };
		F8892152161E126200D11FD2 /* CheckIn.h */ = {isa = PBXFileReference; fileEncoding = 4; lastKnownFileType = sourcecode.c.h; path = CheckIn.h; sourceTree = "<group>"; };
		F8892153161E126200D11FD2 /* CheckIn.m */ = {isa = PBXFileReference; fileEncoding = 4; lastKnownFileType = sourcecode.c.objc; path = CheckIn.m; sourceTree = "<group>"; };
		F8892154161E126200D11FD2 /* CheckInsAPIClient.m */ = {isa = PBXFileReference; fileEncoding = 4; lastKnownFileType = sourcecode.c.objc; name = CheckInsAPIClient.m; path = Classes/CheckInsAPIClient.m; sourceTree = SOURCE_ROOT; };
		F8892155161E126200D11FD2 /* CheckInsIncrementalStore.m */ = {isa = PBXFileReference; fileEncoding = 4; lastKnownFileType = sourcecode.c.objc; name = CheckInsIncrementalStore.m; path = Classes/CheckInsIncrementalStore.m; sourceTree = SOURCE_ROOT; };
		F8B77D56161E178600A88B7F /* AFIncrementalStore.h */ = {isa = PBXFileReference; fileEncoding = 4; lastKnownFileType = sourcecode.c.h; path = AFIncrementalStore.h; sourceTree = "<group>"; };
		F8B77D57161E178600A88B7F /* AFIncrementalStore.m */ = {isa = PBXFileReference; fileEncoding = 4; lastKnownFileType = sourcecode.c.objc; path = AFIncrementalStore.m; sourceTree = "<group>"; };
		F8B77D58161E178600A88B7F /* AFRESTClient.h */ = {isa = PBXFileReference; fileEncoding = 4; lastKnownFileType = sourcecode.c.h; path = AFRESTClient.h; sourceTree = "<group>"; };
		F8B77D59161E178600A88B7F /* AFRESTClient.m */ = {isa = PBXFileReference; fileEncoding = 4; lastKnownFileType = sourcecode.c.objc; path = AFRESTClient.m; sourceTree = "<group>"; };
		F8B77D5D161E178D00A88B7F /* AFHTTPClient.h */ = {isa = PBXFileReference; fileEncoding = 4; lastKnownFileType = sourcecode.c.h; path = AFHTTPClient.h; sourceTree = "<group>"; };
		F8B77D5E161E178D00A88B7F /* AFHTTPClient.m */ = {isa = PBXFileReference; fileEncoding = 4; lastKnownFileType = sourcecode.c.objc; path = AFHTTPClient.m; sourceTree = "<group>"; };
		F8B77D5F161E178D00A88B7F /* AFHTTPRequestOperation.h */ = {isa = PBXFileReference; fileEncoding = 4; lastKnownFileType = sourcecode.c.h; path = AFHTTPRequestOperation.h; sourceTree = "<group>"; };
		F8B77D60161E178D00A88B7F /* AFHTTPRequestOperation.m */ = {isa = PBXFileReference; fileEncoding = 4; lastKnownFileType = sourcecode.c.objc; path = AFHTTPRequestOperation.m; sourceTree = "<group>"; };
		F8B77D61161E178D00A88B7F /* AFImageRequestOperation.h */ = {isa = PBXFileReference; fileEncoding = 4; lastKnownFileType = sourcecode.c.h; path = AFImageRequestOperation.h; sourceTree = "<group>"; };
		F8B77D62161E178D00A88B7F /* AFImageRequestOperation.m */ = {isa = PBXFileReference; fileEncoding = 4; lastKnownFileType = sourcecode.c.objc; path = AFImageRequestOperation.m; sourceTree = "<group>"; };
		F8B77D63161E178D00A88B7F /* AFJSONRequestOperation.h */ = {isa = PBXFileReference; fileEncoding = 4; lastKnownFileType = sourcecode.c.h; path = AFJSONRequestOperation.h; sourceTree = "<group>"; };
		F8B77D64161E178D00A88B7F /* AFJSONRequestOperation.m */ = {isa = PBXFileReference; fileEncoding = 4; lastKnownFileType = sourcecode.c.objc; path = AFJSONRequestOperation.m; sourceTree = "<group>"; };
		F8B77D67161E178D00A88B7F /* AFNetworking.h */ = {isa = PBXFileReference; fileEncoding = 4; lastKnownFileType = sourcecode.c.h; path = AFNetworking.h; sourceTree = "<group>"; };
		F8B77D68161E178D00A88B7F /* AFPropertyListRequestOperation.h */ = {isa = PBXFileReference; fileEncoding = 4; lastKnownFileType = sourcecode.c.h; path = AFPropertyListRequestOperation.h; sourceTree = "<group>"; };
		F8B77D69161E178D00A88B7F /* AFPropertyListRequestOperation.m */ = {isa = PBXFileReference; fileEncoding = 4; lastKnownFileType = sourcecode.c.objc; path = AFPropertyListRequestOperation.m; sourceTree = "<group>"; };
		F8B77D6A161E178D00A88B7F /* AFURLConnectionOperation.h */ = {isa = PBXFileReference; fileEncoding = 4; lastKnownFileType = sourcecode.c.h; path = AFURLConnectionOperation.h; sourceTree = "<group>"; };
		F8B77D6B161E178D00A88B7F /* AFURLConnectionOperation.m */ = {isa = PBXFileReference; fileEncoding = 4; lastKnownFileType = sourcecode.c.objc; path = AFURLConnectionOperation.m; sourceTree = "<group>"; };
		F8B77D6C161E178D00A88B7F /* AFXMLRequestOperation.h */ = {isa = PBXFileReference; fileEncoding = 4; lastKnownFileType = sourcecode.c.h; path = AFXMLRequestOperation.h; sourceTree = "<group>"; };
		F8B77D6D161E178D00A88B7F /* AFXMLRequestOperation.m */ = {isa = PBXFileReference; fileEncoding = 4; lastKnownFileType = sourcecode.c.objc; path = AFXMLRequestOperation.m; sourceTree = "<group>"; };
		F8B77D7A161E17AF00A88B7F /* CheckIns.xcdatamodel */ = {isa = PBXFileReference; lastKnownFileType = wrapper.xcdatamodel; path = CheckIns.xcdatamodel; sourceTree = "<group>"; };
		F8B77D97161E43EC00A88B7F /* SystemConfiguration.framework */ = {isa = PBXFileReference; lastKnownFileType = wrapper.framework; name = SystemConfiguration.framework; path = System/Library/Frameworks/SystemConfiguration.framework; sourceTree = SDKROOT; };
		F8F82419173893E600ED7E21 /* TTTDateTransformers.h */ = {isa = PBXFileReference; fileEncoding = 4; lastKnownFileType = sourcecode.c.h; path = TTTDateTransformers.h; sourceTree = "<group>"; };
		F8F8241A173893E600ED7E21 /* TTTImageTransformers.h */ = {isa = PBXFileReference; fileEncoding = 4; lastKnownFileType = sourcecode.c.h; path = TTTImageTransformers.h; sourceTree = "<group>"; };
		F8F8241B173893E600ED7E21 /* TTTStringTransformers.h */ = {isa = PBXFileReference; fileEncoding = 4; lastKnownFileType = sourcecode.c.h; path = TTTStringTransformers.h; sourceTree = "<group>"; };
		F8F8241C173893E600ED7E21 /* TTTDateTransformers.m */ = {isa = PBXFileReference; fileEncoding = 4; lastKnownFileType = sourcecode.c.objc; path = TTTDateTransformers.m; sourceTree = "<group>"; };
		F8F8241D173893E600ED7E21 /* TTTImageTransformers.m */ = {isa = PBXFileReference; fileEncoding = 4; lastKnownFileType = sourcecode.c.objc; path = TTTImageTransformers.m; sourceTree = "<group>"; };
		F8F8241E173893E600ED7E21 /* TTTStringTransformers.m */ = {isa = PBXFileReference; fileEncoding = 4; lastKnownFileType = sourcecode.c.objc; path = TTTStringTransformers.m; sourceTree = "<group>"; };
/* End PBXFileReference section */

/* Begin PBXFrameworksBuildPhase section */
		F8892109161E113100D11FD2 /* Frameworks */ = {
			isa = PBXFrameworksBuildPhase;
			buildActionMask = 2147483647;
			files = (
				BD1979AE17CF9D6800958CDC /* MobileCoreServices.framework in Frameworks */,
				BD1979AC17CF9B2900958CDC /* CFNetwork.framework in Frameworks */,
				BD1979AA17CF9B1E00958CDC /* Security.framework in Frameworks */,
				F8B77D98161E43EC00A88B7F /* SystemConfiguration.framework in Frameworks */,
				F8892111161E113100D11FD2 /* UIKit.framework in Frameworks */,
				F8892113161E113100D11FD2 /* Foundation.framework in Frameworks */,
				F8892115161E113100D11FD2 /* CoreGraphics.framework in Frameworks */,
				F8892117161E113100D11FD2 /* CoreData.framework in Frameworks */,
			);
			runOnlyForDeploymentPostprocessing = 0;
		};
/* End PBXFrameworksBuildPhase section */

/* Begin PBXGroup section */
		F81D902316F3DECE0043C85A /* TransformerKit */ = {
			isa = PBXGroup;
			children = (
				F81D902A16F3DECE0043C85A /* TransformerKit.h */,
				F81D902416F3DECE0043C85A /* NSValueTransformer+TransformerKit.h */,
				F81D902516F3DECE0043C85A /* NSValueTransformer+TransformerKit.m */,
				F8F82419173893E600ED7E21 /* TTTDateTransformers.h */,
				F8F8241A173893E600ED7E21 /* TTTImageTransformers.h */,
				F8F8241B173893E600ED7E21 /* TTTStringTransformers.h */,
				F8F8241C173893E600ED7E21 /* TTTDateTransformers.m */,
				F8F8241D173893E600ED7E21 /* TTTImageTransformers.m */,
				F8F8241E173893E600ED7E21 /* TTTStringTransformers.m */,
			);
			name = TransformerKit;
			path = ../../TransformerKit/TransformerKit;
			sourceTree = "<group>";
		};
		F81D905216F3DEF60043C85A /* InflectorKit */ = {
			isa = PBXGroup;
			children = (
				F81D905316F3DEF60043C85A /* NSString+InflectorKit.h */,
				F81D905416F3DEF60043C85A /* NSString+InflectorKit.m */,
				F81D905516F3DEF60043C85A /* TTTStringInflector.h */,
				F81D905616F3DEF60043C85A /* TTTStringInflector.m */,
			);
			name = InflectorKit;
			path = ../../InflectorKit/InflectorKit;
			sourceTree = "<group>";
		};
		F8892101161E113100D11FD2 = {
			isa = PBXGroup;
			children = (
				F8892118161E113100D11FD2 /* CheckIns Example */,
				F889210F161E113100D11FD2 /* Frameworks */,
				F889210D161E113100D11FD2 /* Products */,
				F889215A161E126F00D11FD2 /* Vendor */,
			);
			sourceTree = "<group>";
		};
		F889210D161E113100D11FD2 /* Products */ = {
			isa = PBXGroup;
			children = (
				F889210C161E113100D11FD2 /* CheckIns Example.app */,
			);
			name = Products;
			sourceTree = "<group>";
		};
		F889210F161E113100D11FD2 /* Frameworks */ = {
			isa = PBXGroup;
			children = (
				BD1979AD17CF9D6800958CDC /* MobileCoreServices.framework */,
				BD1979AB17CF9B2900958CDC /* CFNetwork.framework */,
				BD1979A917CF9B1E00958CDC /* Security.framework */,
				F8B77D97161E43EC00A88B7F /* SystemConfiguration.framework */,
				F8892110161E113100D11FD2 /* UIKit.framework */,
				F8892112161E113100D11FD2 /* Foundation.framework */,
				F8892114161E113100D11FD2 /* CoreGraphics.framework */,
				F8892116161E113100D11FD2 /* CoreData.framework */,
			);
			name = Frameworks;
			sourceTree = "<group>";
		};
		F8892118161E113100D11FD2 /* CheckIns Example */ = {
			isa = PBXGroup;
			children = (
				F8892143161E119300D11FD2 /* AppDelegate.h */,
				F8892144161E119300D11FD2 /* AppDelegate.m */,
				F889214C161E126200D11FD2 /* CheckInsAPIClient.h */,
				F8892154161E126200D11FD2 /* CheckInsAPIClient.m */,
				F889214D161E126200D11FD2 /* CheckInsIncrementalStore.h */,
				F8892155161E126200D11FD2 /* CheckInsIncrementalStore.m */,
				F889214E161E126200D11FD2 /* Controllers */,
				F8892151161E126200D11FD2 /* Models */,
				F8892119161E113100D11FD2 /* Supporting Files */,
			);
			path = "CheckIns Example";
			sourceTree = "<group>";
		};
		F8892119161E113100D11FD2 /* Supporting Files */ = {
			isa = PBXGroup;
			children = (
				F8892148161E11CE00D11FD2 /* main.m */,
				F889213B161E117C00D11FD2 /* Prefix.pch */,
				F889213D161E117C00D11FD2 /* Default-568h@2x.png */,
				F889213E161E117C00D11FD2 /* Default.png */,
				F889213F161E117C00D11FD2 /* Default@2x.png */,
				F8892140161E117C00D11FD2 /* Info.plist */,
			);
			name = "Supporting Files";
			sourceTree = "<group>";
		};
		F889214E161E126200D11FD2 /* Controllers */ = {
			isa = PBXGroup;
			children = (
				F889214F161E126200D11FD2 /* CheckInsViewController.h */,
				F8892150161E126200D11FD2 /* CheckInsViewController.m */,
			);
			name = Controllers;
			path = Classes/Controllers;
			sourceTree = SOURCE_ROOT;
		};
		F8892151161E126200D11FD2 /* Models */ = {
			isa = PBXGroup;
			children = (
				F8B77D79161E17AF00A88B7F /* CheckIns.xcdatamodeld */,
				F8892152161E126200D11FD2 /* CheckIn.h */,
				F8892153161E126200D11FD2 /* CheckIn.m */,
			);
			name = Models;
			path = Classes/Models;
			sourceTree = SOURCE_ROOT;
		};
		F889215A161E126F00D11FD2 /* Vendor */ = {
			isa = PBXGroup;
			children = (
				F8B77D55161E178600A88B7F /* AFIncrementalStore */,
				F8B77D5C161E178D00A88B7F /* AFNetworking */,
				F81D905216F3DEF60043C85A /* InflectorKit */,
				F81D902316F3DECE0043C85A /* TransformerKit */,
			);
			name = Vendor;
			sourceTree = "<group>";
		};
		F8B77D55161E178600A88B7F /* AFIncrementalStore */ = {
			isa = PBXGroup;
			children = (
				F8B77D56161E178600A88B7F /* AFIncrementalStore.h */,
				F8B77D57161E178600A88B7F /* AFIncrementalStore.m */,
				F8B77D58161E178600A88B7F /* AFRESTClient.h */,
				F8B77D59161E178600A88B7F /* AFRESTClient.m */,
			);
			name = AFIncrementalStore;
			path = ../../AFIncrementalStore;
			sourceTree = "<group>";
		};
		F8B77D5C161E178D00A88B7F /* AFNetworking */ = {
			isa = PBXGroup;
			children = (
				BD19799A17CF998C00958CDC /* AFEventSource.h */,
				BD19799B17CF998C00958CDC /* AFEventSource.m */,
				BD19799C17CF998C00958CDC /* AFHTTPClient+Rocket.h */,
				BD19799D17CF998C00958CDC /* AFHTTPClient+Rocket.m */,
				BD19799E17CF998C00958CDC /* AFJSONPatchSerializer.h */,
				BD19799F17CF998C00958CDC /* AFJSONPatchSerializer.m */,
				BD1979A017CF998C00958CDC /* AFSerialization.h */,
				BD1979A117CF998C00958CDC /* AFSerialization.m */,
				BD1979A217CF998C00958CDC /* AFURLSessionManager.h */,
				BD1979A317CF998C00958CDC /* AFURLSessionManager.m */,
				BD19798817CF997700958CDC /* UIImageView+AFNetworking.h */,
				BD19798917CF997700958CDC /* AFNetworkActivityIndicatorManager.h */,
				BD19798A17CF997700958CDC /* AFNetworkActivityIndicatorManager.m */,
				BD19798B17CF997700958CDC /* UIActivityIndicatorView+AFNetworking.h */,
				BD19798C17CF997700958CDC /* UIActivityIndicatorView+AFNetworking.m */,
				BD19798D17CF997700958CDC /* UIButton+AFNetworking.h */,
				BD19798E17CF997700958CDC /* UIButton+AFNetworking.m */,
				BD19798F17CF997700958CDC /* UIImageView+AFNetworking.m */,
				BD19799017CF997700958CDC /* UIProgressView+AFNetworking.h */,
				BD19799117CF997700958CDC /* UIProgressView+AFNetworking.m */,
				BD19799217CF997700958CDC /* UIWebView+AFNetworking.h */,
				BD19799317CF997700958CDC /* UIWebView+AFNetworking.m */,
				F8B77D5D161E178D00A88B7F /* AFHTTPClient.h */,
				F8B77D5E161E178D00A88B7F /* AFHTTPClient.m */,
				F8B77D5F161E178D00A88B7F /* AFHTTPRequestOperation.h */,
				F8B77D60161E178D00A88B7F /* AFHTTPRequestOperation.m */,
				F8B77D61161E178D00A88B7F /* AFImageRequestOperation.h */,
				F8B77D62161E178D00A88B7F /* AFImageRequestOperation.m */,
				F8B77D63161E178D00A88B7F /* AFJSONRequestOperation.h */,
				F8B77D64161E178D00A88B7F /* AFJSONRequestOperation.m */,
				F8B77D67161E178D00A88B7F /* AFNetworking.h */,
				F8B77D68161E178D00A88B7F /* AFPropertyListRequestOperation.h */,
				F8B77D69161E178D00A88B7F /* AFPropertyListRequestOperation.m */,
				F8B77D6A161E178D00A88B7F /* AFURLConnectionOperation.h */,
				F8B77D6B161E178D00A88B7F /* AFURLConnectionOperation.m */,
				F8B77D6C161E178D00A88B7F /* AFXMLRequestOperation.h */,
				F8B77D6D161E178D00A88B7F /* AFXMLRequestOperation.m */,
			);
			name = AFNetworking;
			path = ../../AFNetworking/AFNetworking;
			sourceTree = "<group>";
		};
/* End PBXGroup section */

/* Begin PBXNativeTarget section */
		F889210B161E113100D11FD2 /* CheckIns Example */ = {
			isa = PBXNativeTarget;
			buildConfigurationList = F889212F161E113100D11FD2 /* Build configuration list for PBXNativeTarget "CheckIns Example" */;
			buildPhases = (
				F8892108161E113100D11FD2 /* Sources */,
				F8892109161E113100D11FD2 /* Frameworks */,
				F889210A161E113100D11FD2 /* Resources */,
			);
			buildRules = (
			);
			dependencies = (
			);
			name = "CheckIns Example";
			productName = "CheckIns Example";
			productReference = F889210C161E113100D11FD2 /* CheckIns Example.app */;
			productType = "com.apple.product-type.application";
		};
/* End PBXNativeTarget section */

/* Begin PBXProject section */
		F8892103161E113100D11FD2 /* Project object */ = {
			isa = PBXProject;
			attributes = {
				LastUpgradeCheck = 0500;
				ORGANIZATIONNAME = AFNetworking;
			};
			buildConfigurationList = F8892106161E113100D11FD2 /* Build configuration list for PBXProject "CheckIns Example" */;
			compatibilityVersion = "Xcode 3.2";
			developmentRegion = English;
			hasScannedForEncodings = 0;
			knownRegions = (
				en,
			);
			mainGroup = F8892101161E113100D11FD2;
			productRefGroup = F889210D161E113100D11FD2 /* Products */;
			projectDirPath = "";
			projectRoot = "";
			targets = (
				F889210B161E113100D11FD2 /* CheckIns Example */,
			);
		};
/* End PBXProject section */

/* Begin PBXResourcesBuildPhase section */
		F889210A161E113100D11FD2 /* Resources */ = {
			isa = PBXResourcesBuildPhase;
			buildActionMask = 2147483647;
			files = (
				BD19798717CF994C00958CDC /* Default-568h@2x.png in Resources */,
			);
			runOnlyForDeploymentPostprocessing = 0;
		};
/* End PBXResourcesBuildPhase section */

/* Begin PBXSourcesBuildPhase section */
		F8892108161E113100D11FD2 /* Sources */ = {
			isa = PBXSourcesBuildPhase;
			buildActionMask = 2147483647;
			files = (
				F889214B161E121500D11FD2 /* AppDelegate.m in Sources */,
				BD19799717CF997700958CDC /* UIImageView+AFNetworking.m in Sources */,
				BD19799617CF997700958CDC /* UIButton+AFNetworking.m in Sources */,
				BD1979A517CF998C00958CDC /* AFHTTPClient+Rocket.m in Sources */,
				F8892149161E11CE00D11FD2 /* main.m in Sources */,
				F8892156161E126200D11FD2 /* CheckInsViewController.m in Sources */,
				F8892157161E126200D11FD2 /* CheckIn.m in Sources */,
				F8892158161E126200D11FD2 /* CheckInsAPIClient.m in Sources */,
				F8892159161E126200D11FD2 /* CheckInsIncrementalStore.m in Sources */,
				BD19799517CF997700958CDC /* UIActivityIndicatorView+AFNetworking.m in Sources */,
				F8B77D5A161E178600A88B7F /* AFIncrementalStore.m in Sources */,
				F8B77D5B161E178600A88B7F /* AFRESTClient.m in Sources */,
				F8B77D70161E178D00A88B7F /* AFHTTPClient.m in Sources */,
				BD1979A617CF998C00958CDC /* AFJSONPatchSerializer.m in Sources */,
				F8B77D71161E178D00A88B7F /* AFHTTPRequestOperation.m in Sources */,
				BD1979A817CF998C00958CDC /* AFURLSessionManager.m in Sources */,
				F8B77D72161E178D00A88B7F /* AFImageRequestOperation.m in Sources */,
				F8B77D73161E178D00A88B7F /* AFJSONRequestOperation.m in Sources */,
				BD1979A717CF998C00958CDC /* AFSerialization.m in Sources */,
				BD19799417CF997700958CDC /* AFNetworkActivityIndicatorManager.m in Sources */,
				F8B77D75161E178D00A88B7F /* AFPropertyListRequestOperation.m in Sources */,
				F8B77D76161E178D00A88B7F /* AFURLConnectionOperation.m in Sources */,
				BD1979A417CF998C00958CDC /* AFEventSource.m in Sources */,
				F8B77D77161E178D00A88B7F /* AFXMLRequestOperation.m in Sources */,
				F8B77D7B161E17AF00A88B7F /* CheckIns.xcdatamodeld in Sources */,
				F81D902B16F3DECE0043C85A /* NSValueTransformer+TransformerKit.m in Sources */,
				F81D905716F3DEF60043C85A /* NSString+InflectorKit.m in Sources */,
				BD19799817CF997700958CDC /* UIProgressView+AFNetworking.m in Sources */,
				F81D905816F3DEF60043C85A /* TTTStringInflector.m in Sources */,
				BD19799917CF997700958CDC /* UIWebView+AFNetworking.m in Sources */,
				F8F8241F173893E600ED7E21 /* TTTDateTransformers.m in Sources */,
				F8F82420173893E600ED7E21 /* TTTImageTransformers.m in Sources */,
				F8F82421173893E600ED7E21 /* TTTStringTransformers.m in Sources */,
			);
			runOnlyForDeploymentPostprocessing = 0;
		};
/* End PBXSourcesBuildPhase section */

/* Begin XCBuildConfiguration section */
		F889212D161E113100D11FD2 /* Debug */ = {
			isa = XCBuildConfiguration;
			buildSettings = {
				ALWAYS_SEARCH_USER_PATHS = NO;
				CLANG_CXX_LANGUAGE_STANDARD = "gnu++0x";
				CLANG_CXX_LIBRARY = "libc++";
				CLANG_ENABLE_OBJC_ARC = YES;
				CLANG_WARN_EMPTY_BODY = YES;
				CLANG_WARN__DUPLICATE_METHOD_MATCH = YES;
				"CODE_SIGN_IDENTITY[sdk=iphoneos*]" = "iPhone Developer";
				COPY_PHASE_STRIP = NO;
				GCC_C_LANGUAGE_STANDARD = gnu99;
				GCC_DYNAMIC_NO_PIC = NO;
				GCC_OPTIMIZATION_LEVEL = 0;
				GCC_PREPROCESSOR_DEFINITIONS = (
					"DEBUG=1",
					"$(inherited)",
				);
				GCC_SYMBOLS_PRIVATE_EXTERN = NO;
				GCC_WARN_ABOUT_RETURN_TYPE = YES;
				GCC_WARN_UNINITIALIZED_AUTOS = YES;
				GCC_WARN_UNUSED_VARIABLE = YES;
				IPHONEOS_DEPLOYMENT_TARGET = 6.0;
				ONLY_ACTIVE_ARCH = YES;
				SDKROOT = iphoneos;
			};
			name = Debug;
		};
		F889212E161E113100D11FD2 /* Release */ = {
			isa = XCBuildConfiguration;
			buildSettings = {
				ALWAYS_SEARCH_USER_PATHS = NO;
				CLANG_CXX_LANGUAGE_STANDARD = "gnu++0x";
				CLANG_CXX_LIBRARY = "libc++";
				CLANG_ENABLE_OBJC_ARC = YES;
				CLANG_WARN_EMPTY_BODY = YES;
				CLANG_WARN__DUPLICATE_METHOD_MATCH = YES;
				"CODE_SIGN_IDENTITY[sdk=iphoneos*]" = "iPhone Developer";
				COPY_PHASE_STRIP = YES;
				GCC_C_LANGUAGE_STANDARD = gnu99;
				GCC_WARN_ABOUT_RETURN_TYPE = YES;
				GCC_WARN_UNINITIALIZED_AUTOS = YES;
				GCC_WARN_UNUSED_VARIABLE = YES;
				IPHONEOS_DEPLOYMENT_TARGET = 6.0;
				OTHER_CFLAGS = "-DNS_BLOCK_ASSERTIONS=1";
				SDKROOT = iphoneos;
				VALIDATE_PRODUCT = YES;
			};
			name = Release;
		};
		F8892130161E113100D11FD2 /* Debug */ = {
			isa = XCBuildConfiguration;
			buildSettings = {
				GCC_PRECOMPILE_PREFIX_HEADER = YES;
				GCC_PREFIX_HEADER = Prefix.pch;
				INFOPLIST_FILE = "$(SRCROOT)/Info.plist";
				PRODUCT_NAME = "$(TARGET_NAME)";
				WRAPPER_EXTENSION = app;
			};
			name = Debug;
		};
		F8892131161E113100D11FD2 /* Release */ = {
			isa = XCBuildConfiguration;
			buildSettings = {
				GCC_PRECOMPILE_PREFIX_HEADER = YES;
				GCC_PREFIX_HEADER = Prefix.pch;
				INFOPLIST_FILE = "$(SRCROOT)/Info.plist";
				PRODUCT_NAME = "$(TARGET_NAME)";
				WRAPPER_EXTENSION = app;
			};
			name = Release;
		};
/* End XCBuildConfiguration section */

/* Begin XCConfigurationList section */
		F8892106161E113100D11FD2 /* Build configuration list for PBXProject "CheckIns Example" */ = {
			isa = XCConfigurationList;
			buildConfigurations = (
				F889212D161E113100D11FD2 /* Debug */,
				F889212E161E113100D11FD2 /* Release */,
			);
			defaultConfigurationIsVisible = 0;
			defaultConfigurationName = Release;
		};
		F889212F161E113100D11FD2 /* Build configuration list for PBXNativeTarget "CheckIns Example" */ = {
			isa = XCConfigurationList;
			buildConfigurations = (
				F8892130161E113100D11FD2 /* Debug */,
				F8892131161E113100D11FD2 /* Release */,
			);
			defaultConfigurationIsVisible = 0;
			defaultConfigurationName = Release;
		};
/* End XCConfigurationList section */

/* Begin XCVersionGroup section */
		F8B77D79161E17AF00A88B7F /* CheckIns.xcdatamodeld */ = {
			isa = XCVersionGroup;
			children = (
				F8B77D7A161E17AF00A88B7F /* CheckIns.xcdatamodel */,
			);
			currentVersion = F8B77D7A161E17AF00A88B7F /* CheckIns.xcdatamodel */;
			name = CheckIns.xcdatamodeld;
			path = ../../CheckIns.xcdatamodeld;
			sourceTree = "<group>";
			versionGroupType = wrapper.xcdatamodel;
		};
/* End XCVersionGroup section */
	};
	rootObject = F8892103161E113100D11FD2 /* Project object */;
}
